# platform: linux-64
# env_hash: 3dbe3d001c92088bd21fd687fd427fd8bbe8436cc64ffd2053ecc75425b3a7c4
@EXPLICIT
https://conda.anaconda.org/conda-forge/linux-64/_libgcc_mutex-0.1-conda_forge.tar.bz2#d7c89558ba9fa0495403155b64376d81
https://conda.anaconda.org/conda-forge/linux-64/_py-xgboost-mutex-2.0-cpu_0.tar.bz2#23b8f98a355030331f40d0245492f715
https://repo.anaconda.com/pkgs/main/linux-64/ca-certificates-2021.1.19-h06a4308_0.conda#c73203541f779cf79629e9dbe62f5e0b
https://conda.anaconda.org/conda-forge/linux-64/ld_impl_linux-64-2.35.1-hea4e1c9_2.tar.bz2#83610dba766a186bdc7a116053b782a4
https://conda.anaconda.org/conda-forge/linux-64/libgfortran4-7.5.0-h14aa051_18.tar.bz2#cbb6af25a21105611f901fa338d804d5
https://conda.anaconda.org/conda-forge/linux-64/libstdcxx-ng-9.3.0-h6de172a_18.tar.bz2#2f03cd1e5c966d4af5822c7ae089ab03
https://conda.anaconda.org/conda-forge/linux-64/pandoc-2.11.4-h7f98852_0.tar.bz2#1c827fa4db40e5e92c2619ba8fe30500
https://conda.anaconda.org/conda-forge/noarch/poppler-data-0.4.10-0.tar.bz2#02204e159c8596584135923fd81a2c10
https://conda.anaconda.org/conda-forge/linux-64/libgfortran-ng-7.5.0-h14aa051_18.tar.bz2#6b6d450f834ece56ad7cbb7e25f4381e
https://conda.anaconda.org/conda-forge/linux-64/libgomp-9.3.0-h2828fa1_18.tar.bz2#fc7a2a7e6a741c8afdd764715ac7039d
https://conda.anaconda.org/conda-forge/linux-64/_openmp_mutex-4.5-1_gnu.tar.bz2#561e277319a41d4f24f5c05a9ef63c04
https://conda.anaconda.org/conda-forge/linux-64/libgcc-ng-9.3.0-h2828fa1_18.tar.bz2#5a9490c49a3505a6d19bda012cde6ad3
https://conda.anaconda.org/conda-forge/linux-64/bzip2-1.0.8-h7f98852_4.tar.bz2#a1fd65c7ccbf10880423d82bca54eb54
https://conda.anaconda.org/conda-forge/linux-64/expat-2.2.10-h9c3ff4c_0.tar.bz2#c924bc4e7ae49118f6c97bd4357fed0e
https://repo.anaconda.com/pkgs/main/linux-64/freexl-1.0.6-h27cfd23_0.conda#0f3d6c0873b7923fe08e16904937c832
https://conda.anaconda.org/conda-forge/linux-64/geos-3.7.2-he1b5a44_2.tar.bz2#a19238e56b03a832fe4f650abebe5c41
https://conda.anaconda.org/conda-forge/linux-64/giflib-5.1.7-h516909a_1.tar.bz2#e167f4238faed575107933814db78e80
https://conda.anaconda.org/conda-forge/linux-64/icu-58.2-hf484d3e_1000.tar.bz2#3749214646d41293022b45ce51386141
https://conda.anaconda.org/conda-forge/linux-64/jpeg-9d-h516909a_0.tar.bz2#aa82d2e6e1fa196bf4addd7ebc71a807
https://conda.anaconda.org/conda-forge/linux-64/json-c-0.13.1-hbfbb72e_1002.tar.bz2#a620e3c958b36503fa21f690178180c6
https://conda.anaconda.org/conda-forge/linux-64/libffi-3.3-h58526e2_2.tar.bz2#665369991d8dd290ac5ee92fce3e6bf5
https://conda.anaconda.org/conda-forge/linux-64/libiconv-1.16-h516909a_0.tar.bz2#5c0f338a513a2943c659ae619fca9211
https://conda.anaconda.org/conda-forge/linux-64/libopenblas-0.3.12-pthreads_hb3c22a3_1.tar.bz2#602e033fdeeae7a88dd90283aa777a1f
https://conda.anaconda.org/conda-forge/linux-64/libsodium-1.0.18-h516909a_1.tar.bz2#e1ca1a4b82f7b51b29318f80cebae84a
https://conda.anaconda.org/conda-forge/linux-64/libspatialindex-1.9.3-he1b5a44_3.tar.bz2#b711318d56579be188d641eae1b9ca8e
https://conda.anaconda.org/conda-forge/linux-64/libuuid-2.32.1-h14c3975_1000.tar.bz2#39c6326f6ee5297632c47db6520546fe
https://conda.anaconda.org/conda-forge/linux-64/libwebp-base-1.2.0-h7f98852_0.tar.bz2#747d8f09e5340bc40480eb765903ec97
https://repo.anaconda.com/pkgs/main/linux-64/libxcb-1.14-h7b6447c_0.conda#05811f2f9a9af28f3d7d665dca4d573e
https://conda.anaconda.org/conda-forge/linux-64/libxgboost-1.3.0-h9c3ff4c_1.tar.bz2#3107a1ba0310be87691f727f881beabe
https://conda.anaconda.org/conda-forge/linux-64/lz4-c-1.9.3-h9c3ff4c_0.tar.bz2#4eb64ee0d5cd43096ffcf843c76b05d4
https://conda.anaconda.org/conda-forge/linux-64/ncurses-6.2-h58526e2_4.tar.bz2#509f2a21c4a09214cd737a480dfd80c9
https://conda.anaconda.org/conda-forge/linux-64/openssl-1.1.1i-h7f98852_0.tar.bz2#bc63956d32024c8e0853ff2ca7f2bf05
https://conda.anaconda.org/conda-forge/linux-64/pcre-8.44-he1b5a44_0.tar.bz2#e647d89cd5cdf62760cf283a001841ff
https://conda.anaconda.org/conda-forge/linux-64/pixman-0.38.0-h516909a_1003.tar.bz2#7c0b1414e5af196415f7808fbd704143
https://conda.anaconda.org/conda-forge/linux-64/tzcode-2021a-h7f98852_0.tar.bz2#6b5a6bd711bc5833089ded842d42619b
https://conda.anaconda.org/conda-forge/linux-64/xorg-kbproto-1.0.7-h14c3975_1002.tar.bz2#6dfe5dbe10d55266e4a5e89287eed578
https://conda.anaconda.org/conda-forge/linux-64/xorg-libice-1.0.10-h516909a_0.tar.bz2#4dfda1ccfd0cc90c4fe6786acece9a30
https://conda.anaconda.org/conda-forge/linux-64/xorg-renderproto-0.11.1-h14c3975_1002.tar.bz2#fbcb7fa11dee1a5d3df4371cc55bb229
https://conda.anaconda.org/conda-forge/linux-64/xorg-xextproto-7.3.0-h14c3975_1002.tar.bz2#f08999859c405bad87c4bf9b6cdc7bbb
https://conda.anaconda.org/conda-forge/linux-64/xorg-xproto-7.0.31-h14c3975_1007.tar.bz2#a45d8cd411bdf8f08ced463f68986b62
https://conda.anaconda.org/conda-forge/linux-64/xz-5.2.5-h516909a_1.tar.bz2#33f601066901f3e1a85af3522a8113f9
https://conda.anaconda.org/conda-forge/linux-64/yaml-0.2.5-h516909a_0.tar.bz2#03a530e925414902547cf48da7756db8
https://conda.anaconda.org/conda-forge/linux-64/zlib-1.2.11-h516909a_1010.tar.bz2#339cc5584e6d26bc73a875ba900028c3
https://conda.anaconda.org/conda-forge/linux-64/boost-cpp-1.70.0-ha2d47e9_1.tar.bz2#a82e5309ab8684cb622dd20897794626
https://conda.anaconda.org/conda-forge/linux-64/gettext-0.19.8.1-h0b5b191_1005.tar.bz2#ff6f69b593a9e74c0e6b61908ac513fa
https://conda.anaconda.org/conda-forge/linux-64/hdf4-4.2.13-h10796ff_1004.tar.bz2#aa1b96c7801b4876bb40f46f4d519836
https://conda.anaconda.org/conda-forge/linux-64/hdf5-1.10.4-nompi_h3c11f04_1106.tar.bz2#3839809cfac5b3a880a4fde18e7b993a
https://conda.anaconda.org/conda-forge/linux-64/libblas-3.9.0-8_openblas.tar.bz2#95cee6371a5b901797075040941171f3
https://conda.anaconda.org/conda-forge/linux-64/libedit-3.1.20191231-he28a2e2_2.tar.bz2#4d331e44109e3f0e19b4cb8f9b82f3e1
https://conda.anaconda.org/conda-forge/linux-64/libpng-1.6.37-hed695b0_2.tar.bz2#5685fb1f2e761545e9f5ea34411efd98
https://conda.anaconda.org/conda-forge/linux-64/libssh2-1.9.0-hab1572f_5.tar.bz2#18aaa1bd2238ae2b5e89591046973123
https://repo.anaconda.com/pkgs/main/linux-64/libxml2-2.9.10-hb55368b_3.conda#5cc9d595a9d91c2f5c1d722252e27343
https://repo.anaconda.com/pkgs/main/linux-64/readline-8.1-h27cfd23_0.conda#715789a38d447bc0cccc936209ac78c0
https://conda.anaconda.org/conda-forge/linux-64/tk-8.6.10-hed695b0_1.tar.bz2#7ef837cd455bd0f19f49b8b62d4cb568
https://conda.anaconda.org/conda-forge/linux-64/xerces-c-3.2.2-hea5cb30_1003.tar.bz2#b25e4108b557a27348a52c28f16c2e4a
https://conda.anaconda.org/conda-forge/linux-64/xorg-libsm-1.2.3-h84519dc_1000.tar.bz2#56cc238b81624db9e3e36b2b6a482cc1
https://conda.anaconda.org/conda-forge/linux-64/xorg-libx11-1.6.12-h516909a_0.tar.bz2#cdea71c3e27611e012419faea02c56bd
https://conda.anaconda.org/conda-forge/linux-64/zeromq-4.3.4-h9c3ff4c_0.tar.bz2#9105c7da67ebfb39ff08e2a8ea72bb71
https://conda.anaconda.org/conda-forge/linux-64/zstd-1.4.8-ha95c52a_1.tar.bz2#ed4dbbaf7d81423678632bf982f45ede
https://conda.anaconda.org/conda-forge/linux-64/freetype-2.10.4-h0708190_1.tar.bz2#4a06f2ac2e5bfae7b6b245171c3f07aa
https://repo.anaconda.com/pkgs/main/linux-64/kealib-1.4.12-hd0c454d_0.conda#e07f039e060260aa36c8fe0a0f505deb
https://conda.anaconda.org/conda-forge/linux-64/krb5-1.16.4-h2fd8d38_0.tar.bz2#eeb9f689fb2bf9a43d6639981951c95d
https://conda.anaconda.org/conda-forge/linux-64/libcblas-3.9.0-8_openblas.tar.bz2#d8e2151683bc12acffedea26eba27e0f
https://conda.anaconda.org/conda-forge/linux-64/libglib-2.66.6-h164308a_2.tar.bz2#bada5f1267726e6cb69d10c5058c9be4
https://conda.anaconda.org/conda-forge/linux-64/libkml-1.3.0-h4fcabce_1010.tar.bz2#0d3fcb73a34b859b1512beaa0973cbb5
https://conda.anaconda.org/conda-forge/linux-64/liblapack-3.9.0-8_openblas.tar.bz2#9a860887c77e923c2807c715a7731fb8
https://conda.anaconda.org/conda-forge/linux-64/libtiff-4.2.0-hdc55705_0.tar.bz2#f1406324f1d02fa26447a0a0f2dd0107
https://conda.anaconda.org/conda-forge/linux-64/sqlite-3.34.0-h74cdb3f_0.tar.bz2#0a83e21e8c1929cc9a1e21ebb2459fc5
https://conda.anaconda.org/conda-forge/linux-64/xorg-libxext-1.3.4-h516909a_0.tar.bz2#aba40ec20012e0a2641ced275a0abdca
https://conda.anaconda.org/conda-forge/linux-64/xorg-libxrender-0.9.10-h516909a_1002.tar.bz2#bf3514891c6743ed808602fa9f4f1508
https://conda.anaconda.org/conda-forge/linux-64/fontconfig-2.13.1-hba837de_1004.tar.bz2#bbe61e6ae39440dd101d77bf80ffc2cd
https://conda.anaconda.org/conda-forge/linux-64/glib-tools-2.66.6-hcd2ae1e_2.tar.bz2#d18142f799672495434dcd348dc5d030
https://conda.anaconda.org/conda-forge/linux-64/lcms2-2.11-hcbb858e_1.tar.bz2#89fcd6a52a99f3e255989f8cfc80c489
https://conda.anaconda.org/conda-forge/linux-64/libcurl-7.68.0-hda55be3_0.tar.bz2#a51a14dce761e5fab8e9211cfdab9f74
https://conda.anaconda.org/conda-forge/linux-64/libpq-11.5-hd9ab2ff_2.tar.bz2#1eaeb4be45fc4f9daf309ca3460332b9
https://conda.anaconda.org/conda-forge/linux-64/openjpeg-2.3.1-hf7af979_3.tar.bz2#eabf34a9fb3b43a2a1e8c277b73ff87b
https://conda.anaconda.org/conda-forge/linux-64/proj4-6.1.1-hc80f0dc_1.tar.bz2#ab0c4819c88fb888b525e6b550a4df85
https://conda.anaconda.org/conda-forge/linux-64/python-3.6.12-hffdb5ce_0_cpython.tar.bz2#385ae78cf246c5f5c4f70d3657068bd2
https://conda.anaconda.org/conda-forge/noarch/async_generator-1.10-py_0.tar.bz2#d56c596e61b1c4952acf0a9920856c12
https://conda.anaconda.org/conda-forge/noarch/attrs-20.3.0-pyhd3deb0d_0.tar.bz2#5b319abb055eefcfa344bc21378ca23f
https://conda.anaconda.org/conda-forge/noarch/backcall-0.2.0-pyh9f0ad1d_0.tar.bz2#6006a6d08a3fa99268a2681c7fb55213
https://conda.anaconda.org/conda-forge/linux-64/backports-1.0-py36_1.tar.bz2#0e8774f348e40cdc512fee62fb202f7b
https://conda.anaconda.org/conda-forge/linux-64/cfitsio-3.470-hb60a0a2_2.tar.bz2#573a70e5dde7885a2a110546d569f6cd
https://conda.anaconda.org/conda-forge/noarch/click-7.1.2-pyh9f0ad1d_0.tar.bz2#bd50a970ce07e660c319fdc4d730d3f1
https://conda.anaconda.org/conda-forge/linux-64/curl-7.68.0-hf8cf82a_0.tar.bz2#966380ffbd349045294dfb3d4a6d8363
https://conda.anaconda.org/conda-forge/noarch/decorator-4.4.2-py_0.tar.bz2#d2eabb9cabd212e1ec6a9463bd846243
https://conda.anaconda.org/conda-forge/noarch/defusedxml-0.6.0-py_0.tar.bz2#37e1033daee0e2edaa5ff42584c52b21
https://conda.anaconda.org/conda-forge/linux-64/et_xmlfile-1.0.1-py36_0.tar.bz2#f50258302b75c38e783cd1241c7b5828
https://conda.anaconda.org/conda-forge/noarch/geographiclib-1.50-py_0.tar.bz2#8a5314ac08df2eec55bbd72bd2dbd4c9
https://conda.anaconda.org/conda-forge/noarch/geojson-2.4.1-py_0.tar.bz2#7722a46eaed6f8acb48eb547995ac655
https://conda.anaconda.org/conda-forge/linux-64/geotiff-1.5.1-hcd53e25_3.tar.bz2#cf870829f97bf201a0a96ee950194b2a
https://conda.anaconda.org/conda-forge/linux-64/glib-2.66.6-hcd2ae1e_2.tar.bz2#bd3dc55fea16a1cce078d601b34aecc0
https://conda.anaconda.org/conda-forge/noarch/idna-2.10-pyh9f0ad1d_0.tar.bz2#f95a12b4f435aae6680fe55ae2eb1b06
https://conda.anaconda.org/conda-forge/noarch/iniconfig-1.1.1-pyh9f0ad1d_0.tar.bz2#39161f81cc5e5ca45b8226fbb06c6905
https://conda.anaconda.org/conda-forge/linux-64/ipython_genutils-0.2.0-py36_0.tar.bz2#80794c9ad52d72002687dc91222b31ba
https://conda.anaconda.org/conda-forge/noarch/itsdangerous-1.1.0-py_0.tar.bz2#8afda875561afffed1115fd247fdd61e
https://conda.anaconda.org/conda-forge/noarch/jdcal-1.4.1-py_0.tar.bz2#9fe16d5fe97827e2d9c68547c209354f
https://conda.anaconda.org/conda-forge/noarch/jupyterlab_widgets-1.0.0-pyhd8ed1ab_1.tar.bz2#f8da92114c8fbe1d951b0efaf54dd14b
https://conda.anaconda.org/conda-forge/linux-64/libspatialite-4.3.0a-h57ae47a_1030.tar.bz2#6e8741d0f06061cf99be35269ec42593
https://conda.anaconda.org/conda-forge/linux-64/mccabe-0.6.1-py36_0.tar.bz2#29d92625a6dfc7715ac8fa1ef7b0e23c
https://conda.anaconda.org/conda-forge/noarch/more-itertools-8.6.0-pyhd8ed1ab_0.tar.bz2#980af7a97980ad4cc867b3c1fad782e7
https://conda.anaconda.org/conda-forge/noarch/nest-asyncio-1.4.3-pyhd8ed1ab_0.tar.bz2#a1f2fda4d88c624810bf2029aa4c0827
https://conda.anaconda.org/conda-forge/noarch/olefile-0.46-pyh9f0ad1d_1.tar.bz2#0b2e68acc8c78c8cc392b90983481f58
https://repo.anaconda.com/pkgs/main/linux-64/pandocfilters-1.4.3-py36h06a4308_1.conda#5f26f22278d31aba4897288e36dc0f0c
https://conda.anaconda.org/conda-forge/noarch/parso-0.7.1-pyh9f0ad1d_0.tar.bz2#f66647d1ec805566d72ac26f62b19c01
https://conda.anaconda.org/conda-forge/linux-64/postgresql-11.5-hc63931a_2.tar.bz2#a1be25963d1c25e5c9c7eeb8cbea791c
https://conda.anaconda.org/conda-forge/noarch/prometheus_client-0.9.0-pyhd3deb0d_0.tar.bz2#c7af95daf5bae22ead34151e0ab9d041
https://conda.anaconda.org/conda-forge/noarch/ptyprocess-0.7.0-pyhd3deb0d_0.tar.bz2#359eeb6536da0e687af562ed265ec263
https://conda.anaconda.org/conda-forge/noarch/py-1.10.0-pyhd3deb0d_0.tar.bz2#88ca1328ecc79a070214aa24911bace8
https://conda.anaconda.org/conda-forge/noarch/pycparser-2.20-pyh9f0ad1d_2.tar.bz2#aa798d50ffd182a0f6f31478c7f434f6
https://conda.anaconda.org/conda-forge/noarch/pyparsing-2.4.7-pyh9f0ad1d_0.tar.bz2#626c4f20d5bf06dcec9cf2eaa31725c7
https://conda.anaconda.org/conda-forge/linux-64/pyproj-2.2.1-py36h2fd02e8_1.tar.bz2#a87ad4588afd99ca0b03fab84567566c
https://conda.anaconda.org/conda-forge/linux-64/python_abi-3.6-1_cp36m.tar.bz2#7f3681b01bd688b48bfbdae483b2918f
https://conda.anaconda.org/conda-forge/noarch/pytz-2021.1-pyhd8ed1ab_0.tar.bz2#3af2e9424d5eb0063824a3f9b850d411
https://conda.anaconda.org/conda-forge/noarch/qtpy-1.9.0-py_0.tar.bz2#ab75b0ea90d2621e1924b824e2f395ee
https://conda.anaconda.org/conda-forge/noarch/send2trash-1.5.0-py_0.tar.bz2#c3779037a635e1150f1c53c28b875949
https://conda.anaconda.org/conda-forge/linux-64/sip-4.19.8-py36hf484d3e_1000.tar.bz2#990d1d8ee6913f814b76872f74f011a0
https://conda.anaconda.org/conda-forge/noarch/six-1.15.0-pyh9f0ad1d_0.tar.bz2#1eec421f0f1f39e579e44e4a5ce646a2
https://conda.anaconda.org/conda-forge/noarch/testpath-0.4.4-py_0.tar.bz2#3b98fff4d5342bebde2ecaa314f796f9
https://conda.anaconda.org/conda-forge/noarch/threadpoolctl-2.1.0-pyh5ca1d4c_0.tar.bz2#9eb32b63458380aa3804de519b6e5749
https://conda.anaconda.org/conda-forge/noarch/toml-0.10.2-pyhd8ed1ab_0.tar.bz2#f832c45a477c78bebd107098db465095
https://conda.anaconda.org/conda-forge/noarch/typing_extensions-3.7.4.3-py_0.tar.bz2#12b96e382730541a4b332420227055ae
https://conda.anaconda.org/conda-forge/noarch/webencodings-0.5.1-py_1.tar.bz2#3563be4c5611a44210d9ba0c16113136
https://conda.anaconda.org/conda-forge/noarch/werkzeug-1.0.1-pyh9f0ad1d_0.tar.bz2#a9f0ed0e6ba014c4e42543bda09e0035
https://conda.anaconda.org/conda-forge/noarch/xlrd-2.0.1-pyhd8ed1ab_3.tar.bz2#97dfcd5ff030d829b55f67e82f928093
https://conda.anaconda.org/conda-forge/noarch/zipp-3.4.0-py_0.tar.bz2#0df927d2e46244cef8fd75d7ec2ba51c
https://conda.anaconda.org/conda-forge/linux-64/cairo-1.16.0-h18b612c_1001.tar.bz2#c82ead342a0697953d3dbf00e5c44dd0
https://conda.anaconda.org/conda-forge/linux-64/certifi-2020.12.5-py36h5fab9bb_1.tar.bz2#da529031bd8882eff7d72484661c1b83
https://conda.anaconda.org/conda-forge/linux-64/cffi-1.14.4-py36hc120d54_1.tar.bz2#c49b9df07bcdcfbe22ffb0f8025d474b
https://conda.anaconda.org/conda-forge/linux-64/chardet-4.0.0-py36h5fab9bb_1.tar.bz2#b63c63a44b8d37acaff014df8a512d92
https://conda.anaconda.org/conda-forge/noarch/click-plugins-1.1.1-py_0.tar.bz2#4fd2c6b53934bd7d96d1f3fdaf99b79f
https://conda.anaconda.org/conda-forge/noarch/cligj-0.7.1-pyhd8ed1ab_0.tar.bz2#3170b1d23788c6b161dbd14bfb5c752e
https://conda.anaconda.org/conda-forge/linux-64/coverage-5.4-py36h8f6f2f9_0.tar.bz2#4a6040cbf3807d58336cd191dbd82056
https://conda.anaconda.org/conda-forge/noarch/cycler-0.10.0-py_2.tar.bz2#f6d7c7e6d8f42cbbec7e07a8d879f91c
https://repo.anaconda.com/pkgs/main/linux-64/dbus-1.13.18-hb2f20db_0.conda#6a6a6f1391f807847404344489ef6cf4
https://conda.anaconda.org/conda-forge/linux-64/entrypoints-0.3-py36h9f0ad1d_1002.tar.bz2#3ff18a1ed2e93fb739b97b3669dcaf89
https://conda.anaconda.org/conda-forge/linux-64/future-0.18.2-py36h5fab9bb_3.tar.bz2#341f6243deff7bc72eae432bb8173d03
https://conda.anaconda.org/conda-forge/noarch/geopy-2.1.0-pyhd3deb0d_0.tar.bz2#0424ea40a44cceff6da6856abcd95a77
https://repo.anaconda.com/pkgs/main/linux-64/gstreamer-1.14.0-h28cd5cc_2.conda#6af5d0cbd7310e1cd8a6a5c1c99649b2
https://conda.anaconda.org/conda-forge/linux-64/importlib-metadata-3.4.0-py36h5fab9bb_0.tar.bz2#63bfd4deed52c2469758619138ab1e44
https://conda.anaconda.org/conda-forge/linux-64/jedi-0.17.2-py36h9f0ad1d_1.tar.bz2#7aa1974ca53aa6f662c4e24a15f495b9
https://conda.anaconda.org/conda-forge/linux-64/kiwisolver-1.3.1-py36h605e78d_1.tar.bz2#a92afbf92c5416585457e5de5c3d98c7
https://conda.anaconda.org/conda-forge/linux-64/lazy-object-proxy-1.4.3-py36h8c4c3a4_2.tar.bz2#ed5f29b512d3b26ea5afcbfeefdea3b8
https://conda.anaconda.org/conda-forge/linux-64/libdap4-3.20.4-hd3bb157_0.tar.bz2#470b98f5baf353e3f96f537b2f07afd7
https://conda.anaconda.org/conda-forge/linux-64/libnetcdf-4.6.2-hbdf4f91_1001.tar.bz2#aa2435119b2d60b6f076eae6ce26b799
https://conda.anaconda.org/conda-forge/linux-64/markupsafe-1.1.1-py36h8f6f2f9_3.tar.bz2#4471d6eaa07fcc4dd1f2e0e6cc8e54bf
https://conda.anaconda.org/conda-forge/linux-64/mistune-0.8.4-py36h8f6f2f9_1003.tar.bz2#8066d080821a7ce04c73c12e25232abb
https://conda.anaconda.org/conda-forge/linux-64/numpy-1.19.5-py36h2aa4a07_1.tar.bz2#825e240765327dcdb8b0add973714e9e
https://conda.anaconda.org/conda-forge/noarch/openpyxl-3.0.6-pyhd8ed1ab_0.tar.bz2#2da6a8a3f70ea759d14d86b5cb3875e9
https://conda.anaconda.org/conda-forge/noarch/packaging-20.9-pyh44b312d_0.tar.bz2#be69a38e912054a62dc82cc3c7711a64
https://conda.anaconda.org/conda-forge/linux-64/pexpect-4.8.0-py36h9f0ad1d_1.tar.bz2#7fde8ab34b9254a5c8fb8004f7c649cb
https://conda.anaconda.org/conda-forge/linux-64/pickleshare-0.7.5-py36h9f0ad1d_1002.tar.bz2#8fa70e047f8c6e1b8c014d0f52f8d8db
https://conda.anaconda.org/conda-forge/linux-64/pillow-8.1.0-py36h4f9996e_1.tar.bz2#233bab930cec8de9498612fafea0c8de
https://conda.anaconda.org/conda-forge/linux-64/pyrsistent-0.17.3-py36h8f6f2f9_2.tar.bz2#26db670368942d4a144cad213448496a
https://conda.anaconda.org/conda-forge/linux-64/pysocks-1.7.1-py36h5fab9bb_3.tar.bz2#4dfb9be0b2975bc7933f32c6db7af205
https://conda.anaconda.org/conda-forge/noarch/python-dateutil-2.8.1-py_0.tar.bz2#0d0150ed9c2d25817f5324108d3f7571
https://conda.anaconda.org/conda-forge/linux-64/pyyaml-5.4.1-py36h8f6f2f9_0.tar.bz2#c4be96c884afed3ce48ab143570a439f
https://conda.anaconda.org/conda-forge/linux-64/pyzmq-20.0.0-py36h81c33ee_1.tar.bz2#19d2da0a63253abb429b4d48f6f3060c
https://conda.anaconda.org/conda-forge/noarch/ratelim-0.1.6-py_2.tar.bz2#a3065318deda7d6879017a3264b9772c
https://conda.anaconda.org/conda-forge/linux-64/rtree-0.9.7-py36hb415506_1.tar.bz2#797f3550c1287e5660dc3d8b877b210c
https://conda.anaconda.org/conda-forge/linux-64/ruamel.yaml.clib-0.2.2-py36h8f6f2f9_2.tar.bz2#20b17ae368cb09dd5609203ad3eaf122
https://conda.anaconda.org/conda-forge/linux-64/tornado-6.1-py36h8f6f2f9_1.tar.bz2#3d19680e14cb7cf6f383ba1fd3a72f2c
https://conda.anaconda.org/conda-forge/linux-64/traitlets-4.3.3-py36h9f0ad1d_1.tar.bz2#37802414836e8c0594873aaf656ace5d
https://conda.anaconda.org/conda-forge/linux-64/typed-ast-1.4.2-py36h8f6f2f9_0.tar.bz2#e77f0bf9f229d8a58c6deaa012c063b4
https://conda.anaconda.org/conda-forge/noarch/tzlocal-2.1-pyh9f0ad1d_0.tar.bz2#9d16668487f3fd44290d9fdbbd25b283
https://conda.anaconda.org/conda-forge/linux-64/wrapt-1.11.2-py36h8c4c3a4_1.tar.bz2#f774d6d73d212d5406db3cf4e8ed3a75
https://conda.anaconda.org/conda-forge/linux-64/argon2-cffi-20.1.0-py36h8f6f2f9_2.tar.bz2#63fee45eaa9ecec8d66c9ec4422ab6e7
https://conda.anaconda.org/conda-forge/linux-64/brotlipy-0.7.0-py36he6145b8_1001.tar.bz2#49563e14138ee2a2e1028ab4aa6a7ee3
https://conda.anaconda.org/conda-forge/linux-64/cryptography-3.3.1-py36h0a59100_1.tar.bz2#3b1919647cf19473589fa1fa6fe9a4f0
https://repo.anaconda.com/pkgs/main/linux-64/gst-plugins-base-1.14.0-h8213a91_2.conda#838648422452405b86699e780e293c1d
https://conda.anaconda.org/conda-forge/noarch/importlib_metadata-3.4.0-hd8ed1ab_0.tar.bz2#6d962cade0658bb1040a3e994add14e0
https://conda.anaconda.org/conda-forge/linux-64/jupyter_core-4.7.1-py36h5fab9bb_0.tar.bz2#aa9e4c495b8d1ae2c3e8812007539573
https://conda.anaconda.org/conda-forge/linux-64/pandas-1.0.5-py36h830a2c2_0.tar.bz2#0da18ee8b13c10b9642101a6e5d72838
https://conda.anaconda.org/conda-forge/linux-64/poppler-0.67.0-h14e79db_8.tar.bz2#e20e05cc2efde07972b62414d02de883
https://conda.anaconda.org/conda-forge/linux-64/scipy-1.5.3-py36h976291a_0.tar.bz2#754ba62381736a49be46c7405b1a5b14
https://repo.anaconda.com/pkgs/main/linux-64/setuptools-52.0.0-py36h06a4308_0.conda#1e737f08f4cd00523432a047b1941288
https://conda.anaconda.org/conda-forge/linux-64/shapely-1.6.4-py36hec07ddf_1006.tar.bz2#f96316abfe73742226a460b18831353c
https://conda.anaconda.org/conda-forge/linux-64/terminado-0.9.2-py36h5fab9bb_0.tar.bz2#26786124a962922243896ae9a5a955cf
https://conda.anaconda.org/conda-forge/linux-64/astroid-2.4.2-py36h9f0ad1d_1.tar.bz2#53910d768359ec7c3652049f0a90dfbd
https://conda.anaconda.org/conda-forge/noarch/backports.functools_lru_cache-1.6.1-py_0.tar.bz2#d36df15eaef96549ce6231e3088fba54
https://conda.anaconda.org/conda-forge/noarch/bleach-3.3.0-pyh44b312d_0.tar.bz2#abf6b76c39358ca36ca706c46f054f2a
https://conda.anaconda.org/conda-forge/noarch/isort-5.7.0-pyhd8ed1ab_0.tar.bz2#073e46728e0d9a8722457cbf1c335c14
https://conda.anaconda.org/conda-forge/noarch/jinja2-2.11.3-pyh44b312d_0.tar.bz2#1d4c3605d85a3655b1595e0694138eb6
https://conda.anaconda.org/conda-forge/noarch/joblib-1.0.0-pyhd8ed1ab_0.tar.bz2#2d9036ba47d26d88157c4eeab0693bfe
https://conda.anaconda.org/conda-forge/linux-64/jsonschema-3.2.0-py36h9f0ad1d_1.tar.bz2#eefe83ff43117f8af6d4641d1bc9fce6
https://conda.anaconda.org/conda-forge/noarch/jupyter_client-6.1.11-pyhd8ed1ab_1.tar.bz2#0fcd80df6d4e0558754c39453ffa3110
https://conda.anaconda.org/conda-forge/linux-64/libgdal-2.4.2-h182c168_8.tar.bz2#35e1783b245c9387501e9b0b0794dafc
https://conda.anaconda.org/conda-forge/linux-64/matplotlib-base-3.3.4-py36hd391965_0.tar.bz2#ed3c55ad68aa87ba9c2b2d5f6ede7f14
https://conda.anaconda.org/conda-forge/noarch/munch-2.5.0-py_0.tar.bz2#31d9e9be500e25ff0050bc9f57a6bcd7
https://conda.anaconda.org/conda-forge/noarch/networkx-2.5-py_0.tar.bz2#d836ad8453c22192357707026ca21653
https://conda.anaconda.org/conda-forge/noarch/patsy-0.5.1-py_0.tar.bz2#d971df2dcd1a453daabecec0ef76e88a
https://conda.anaconda.org/conda-forge/linux-64/pluggy-0.13.1-py36h5fab9bb_4.tar.bz2#8b1835b504fd37558160c30103651403
https://conda.anaconda.org/conda-forge/noarch/pygments-2.7.4-pyhd8ed1ab_0.tar.bz2#d162b2e135758c51410bacfa6f5ef5bb
https://conda.anaconda.org/conda-forge/noarch/pyopenssl-20.0.1-pyhd8ed1ab_0.tar.bz2#92371c25994d0f5d28a01c1fb75ebf86
https://repo.anaconda.com/pkgs/main/linux-64/qt-5.9.7-h5867ecd_1.conda#05507dbc35c46ac5a7066fc860a62341
https://conda.anaconda.org/conda-forge/linux-64/ruamel.yaml-0.16.12-py36h8f6f2f9_2.tar.bz2#e980d13ee345aae26356a4c9d6cd4864
https://conda.anaconda.org/conda-forge/noarch/branca-0.4.2-pyhd8ed1ab_0.tar.bz2#836c975d3ae4f21c3cd047c10b15a7cf
https://conda.anaconda.org/conda-forge/noarch/flask-1.1.2-pyh9f0ad1d_0.tar.bz2#721f9fc33930d8deec05a746dd1be3b8
https://conda.anaconda.org/conda-forge/linux-64/gdal-2.4.2-py36h5f563d9_8.tar.bz2#2ee4066fe41e543180cd34797cb7115e
https://conda.anaconda.org/conda-forge/noarch/jupyterlab_pygments-0.1.2-pyh9f0ad1d_0.tar.bz2#2cbd910890bb328e8959246a1e16fac7
https://conda.anaconda.org/conda-forge/noarch/nbformat-5.1.2-pyhd8ed1ab_1.tar.bz2#9633dbb668ac1f9266427672816899dc
https://conda.anaconda.org/conda-forge/linux-64/pylint-2.6.0-py36h9f0ad1d_1.tar.bz2#58b667768ed6e546d707aa02deeaf344
https://conda.anaconda.org/conda-forge/linux-64/pyqt-5.9.2-py36hcca6a23_4.tar.bz2#fea3bdbac2f20e19b5a75075c92bbd51
https://conda.anaconda.org/conda-forge/linux-64/pytest-6.2.2-py36h5fab9bb_0.tar.bz2#66c44d1d8f2dfa43bbdf44d79234f53b
https://conda.anaconda.org/conda-forge/linux-64/scikit-learn-0.24.1-py36he4fde30_0.tar.bz2#bf65266d6fd6632f263cff10cd304eb9
https://conda.anaconda.org/conda-forge/noarch/seaborn-base-0.11.1-pyhd8ed1ab_1.tar.bz2#f524b2bb48274790373a27128b25d7ca
https://conda.anaconda.org/conda-forge/linux-64/statsmodels-0.12.2-py36h92226af_0.tar.bz2#a1d402d7ddfb2e910e35c7bcc1f53ff8
https://conda.anaconda.org/conda-forge/noarch/urllib3-1.26.3-pyhd8ed1ab_0.tar.bz2#25573e57774dd54cfa848e5dd44503ed
https://conda.anaconda.org/conda-forge/noarch/wcwidth-0.2.5-pyh9f0ad1d_2.tar.bz2#5266fcd697043c59621fda522b3d78ee
https://conda.anaconda.org/conda-forge/linux-64/fiona-1.8.9.post2-py36hdff7cfa_0.tar.bz2#01266bc20f730d31e1e7d52d11ea48ef
https://conda.anaconda.org/conda-forge/linux-64/matplotlib-3.3.4-py36h5fab9bb_0.tar.bz2#a3731e3e7e412e7b2f88593f92b74864
https://conda.anaconda.org/conda-forge/noarch/nbclient-0.5.1-py_0.tar.bz2#4efba375c50e6668cb5778e36d1f3a7e
https://conda.anaconda.org/conda-forge/noarch/prompt-toolkit-3.0.14-pyha770c72_0.tar.bz2#ab67af70c2ff5cc2be310f0d6cb95a8a
https://conda.anaconda.org/conda-forge/linux-64/py-xgboost-1.3.0-py36h5fab9bb_1.tar.bz2#2fe158a087b3757eb49a46b4d25e56ea
https://conda.anaconda.org/conda-forge/noarch/pytest-cov-2.11.1-pyh44b312d_0.tar.bz2#67e256d6c8a3082d3f29f8cefce17bbf
https://conda.anaconda.org/conda-forge/noarch/requests-2.25.1-pyhd3deb0d_0.tar.bz2#ae687aba31a1c400192a86a2e993ffdc
https://conda.anaconda.org/conda-forge/linux-64/seaborn-0.11.1-ha770c72_0.tar.bz2#981f683c41a5b3c27b42502d1abc5e36
https://conda.anaconda.org/conda-forge/noarch/codecov-2.1.11-pyhd3deb0d_0.tar.bz2#9c661c2c14b4667827218402e6624ad5
https://conda.anaconda.org/conda-forge/linux-64/descartes-1.1.0-py36_0.tar.bz2#a782886ece4a2353966067ef389bf544
https://conda.anaconda.org/conda-forge/noarch/folium-0.12.0-pyhd8ed1ab_0.tar.bz2#a78bd9208c32c7005b7436e3dd384a2c
https://conda.anaconda.org/conda-forge/noarch/geocoder-1.38.1-py_1.tar.bz2#85f4e01bee20c149b2c060eb9a7c7751
https://conda.anaconda.org/conda-forge/noarch/geopandas-0.5.1-py_0.tar.bz2#2740d9c24934635d95a48ffca4f33c65
https://conda.anaconda.org/conda-forge/linux-64/ipython-7.16.1-py36he448a4c_2.tar.bz2#ac605247c1149f7b275a4bcf9fa0de41
https://conda.anaconda.org/conda-forge/linux-64/nbconvert-6.0.7-py36h5fab9bb_3.tar.bz2#30f571d5b9a389f49b1d54a0e38871bc
https://conda.anaconda.org/conda-forge/noarch/prompt_toolkit-3.0.14-hd8ed1ab_0.tar.bz2#f2293b2cbaa4c133f1f791c1d996f79e
https://conda.anaconda.org/conda-forge/noarch/ipdb-0.13.4-pyhd3deb0d_0.tar.bz2#b6e9e536a43b76c5341fe061177d65c4
https://conda.anaconda.org/conda-forge/linux-64/ipykernel-5.4.3-py36he448a4c_0.tar.bz2#7a2188c872ea87ce7cbd6130dfd4ea58
https://conda.anaconda.org/conda-forge/noarch/osmnx-0.11.4-py_1.tar.bz2#5bf65a7b7f4c41d66049c86d838fd5c4
https://conda.anaconda.org/conda-forge/noarch/jupyter_console-6.2.0-py_0.tar.bz2#cb063fba0917fab041217d5a4a3adca0
https://conda.anaconda.org/conda-forge/linux-64/notebook-6.2.0-py36h5fab9bb_0.tar.bz2#dd975bbce2b30c7c026cda0e4d38e119
https://conda.anaconda.org/conda-forge/noarch/qtconsole-5.0.2-pyhd8ed1ab_0.tar.bz2#0fb6a03f1a5fa89a0adc21e62959ac63
https://conda.anaconda.org/conda-forge/linux-64/widgetsnbextension-3.5.1-py36h9f0ad1d_4.tar.bz2#220ccea910bb1ab8deacaf31519e6f5f
https://conda.anaconda.org/conda-forge/noarch/ipywidgets-7.6.3-pyhd3deb0d_0.tar.bz2#536a9ed6d9e740f2b83d1a3c388e4388
https://conda.anaconda.org/conda-forge/linux-64/jupyter-1.0.0-py36h5fab9bb_6.tar.bz2#229db303c1997c7005d240e4df7208b7
