# platform: osx-64
# env_hash: 2028719b58bd46aff45f497cc1abfe1f0b6a59e01a57d04e4fb4141d934c7014
@EXPLICIT
https://conda.anaconda.org/conda-forge/osx-64/_py-xgboost-mutex-2.0-cpu_0.tar.bz2#96dd44c2471a638fb9cdc40aa2573d1b
https://conda.anaconda.org/conda-forge/osx-64/bzip2-1.0.8-hc929b4f_4.tar.bz2#521b82c700a64bac7d8da27539422e91
https://repo.anaconda.com/pkgs/main/osx-64/ca-certificates-2021.1.19-hecd8cb5_0.conda#bd9c3c4901fe6a6e8563b104e983aac2
https://repo.anaconda.com/pkgs/main/osx-64/freexl-1.0.6-h9ed2024_0.conda#4a662afc0a9708af11464fbf7fab1e1c
https://conda.anaconda.org/conda-forge/osx-64/giflib-5.1.7-h01d97ff_1.tar.bz2#796a4523450c9ab1b495c5c47b10c859
https://conda.anaconda.org/conda-forge/osx-64/jpeg-9d-hbcb3906_0.tar.bz2#ff6fba028f282f94ceb10597d58a56e8
https://conda.anaconda.org/conda-forge/osx-64/json-c-0.13.1-h575e443_1002.tar.bz2#79d224748da1805ae297b21fbb83b1e0
https://conda.anaconda.org/conda-forge/osx-64/libcxx-11.0.1-habf9029_0.tar.bz2#51c221f12b7975d60dae27cd8280efac
https://conda.anaconda.org/conda-forge/osx-64/libiconv-1.16-haf1e3a3_0.tar.bz2#c5fab167412a52e491c8e11453ae016f
https://conda.anaconda.org/conda-forge/osx-64/libsodium-1.0.18-hbcb3906_1.tar.bz2#24632c09ed931af617fe6d5292919cab
https://conda.anaconda.org/conda-forge/osx-64/libwebp-base-1.2.0-hbcf498f_0.tar.bz2#1405fc14579e59a44962ad6317a06f23
https://conda.anaconda.org/conda-forge/osx-64/llvm-openmp-11.0.1-h7c73e74_0.tar.bz2#86683a2ccd280574c0af1efb95b20aec
https://conda.anaconda.org/conda-forge/osx-64/ncurses-6.2-h2e338ed_4.tar.bz2#9cef1910395d1543527583e73dba30f1
https://conda.anaconda.org/conda-forge/osx-64/pandoc-2.11.4-h35c211d_0.tar.bz2#7d3282f19abe9745707987104954bbcb
https://conda.anaconda.org/conda-forge/osx-64/pixman-0.38.0-h01d97ff_1003.tar.bz2#db285954d969a73e3adc622d0db30605
https://conda.anaconda.org/conda-forge/noarch/poppler-data-0.4.10-0.tar.bz2#02204e159c8596584135923fd81a2c10
https://conda.anaconda.org/conda-forge/osx-64/tzcode-2021a-h35c211d_0.tar.bz2#4f90bda0bb34d9eab06bb9ea0f833719
https://conda.anaconda.org/conda-forge/osx-64/xz-5.2.5-haf1e3a3_1.tar.bz2#41116deb499e9bc58048c297d6403ce6
https://conda.anaconda.org/conda-forge/osx-64/yaml-0.2.5-haf1e3a3_0.tar.bz2#84c2fc186995c25a43e86ed708065572
https://conda.anaconda.org/conda-forge/osx-64/zlib-1.2.11-h7795811_1010.tar.bz2#7d39e47e16ed0107f37c7224d5b5be8b
https://conda.anaconda.org/conda-forge/osx-64/expat-2.2.10-h1c7c35f_0.tar.bz2#5963a2ace3da084372d292a9bc44a220
https://conda.anaconda.org/conda-forge/osx-64/geos-3.7.2-h6de7cb9_2.tar.bz2#38c86940dc6f239bfdf7891eaa644d71
https://conda.anaconda.org/conda-forge/osx-64/hdf4-4.2.13-h71d84a9_1004.tar.bz2#798adc59c4f9633b4146fd0bde19437b
https://conda.anaconda.org/conda-forge/osx-64/icu-64.2-h6de7cb9_1.tar.bz2#98593e7221241d8e19fee197ac105b4d
https://conda.anaconda.org/conda-forge/osx-64/libedit-3.1.20191231-hed1e85f_2.tar.bz2#779da5393199c3af97bd8f12c804b749
https://conda.anaconda.org/conda-forge/osx-64/libffi-3.3-h046ec9c_2.tar.bz2#c7a196accaf92d40985d5c9b4d14f9cb
https://conda.anaconda.org/conda-forge/osx-64/libgfortran4-7.5.0-h1a10cd1_17.tar.bz2#8cd2a79eaf1c09a7cedc07addc96536f
https://conda.anaconda.org/conda-forge/osx-64/libllvm8-8.0.1-h770b8ee_0.tar.bz2#c75e5c63f194188ffac620c0493c2840
https://conda.anaconda.org/conda-forge/osx-64/libpng-1.6.37-hb0a8c7a_2.tar.bz2#152469e831f8558f76c63e841b934f87
https://conda.anaconda.org/conda-forge/osx-64/libspatialindex-1.9.3-h4a8c4bd_3.tar.bz2#db9b5ea207eb6478024d6f2ebf513dad
https://conda.anaconda.org/conda-forge/osx-64/libxgboost-1.3.0-h046ec9c_1.tar.bz2#3677983a19a5243c82f496599e64118a
https://conda.anaconda.org/conda-forge/osx-64/lz4-c-1.9.3-h046ec9c_0.tar.bz2#7f13d69c1b7989b85029efb6f3e35af9
https://conda.anaconda.org/conda-forge/osx-64/nspr-4.29-hbc8d48c_1.tar.bz2#1a2d2f8ded06f197e76b7218f665112c
https://conda.anaconda.org/conda-forge/osx-64/openssl-1.1.1i-h35c211d_0.tar.bz2#f26df9ccde4b41ff4d2b18c83c4d0fd3
https://conda.anaconda.org/conda-forge/osx-64/pcre-8.44-hb1e8313_0.tar.bz2#e1c1a939ae5ecd32f13db1f742b434e5
https://repo.anaconda.com/pkgs/main/osx-64/readline-8.1-h9ed2024_0.conda#ce1a650fddb885c47ccdb28c90a2057a
https://conda.anaconda.org/conda-forge/osx-64/tk-8.6.10-hb0a8c7a_1.tar.bz2#f7477bf81dcfc7b4dddc7b3790a99a0c
https://conda.anaconda.org/conda-forge/osx-64/zeromq-4.3.4-h1c7c35f_0.tar.bz2#2af55e3523e9210b2b2dff5855fb5382
https://conda.anaconda.org/conda-forge/osx-64/boost-cpp-1.72.0-hdf9ef73_0.tar.bz2#13807feb4ee2c1db5326ba4670aa7869
https://conda.anaconda.org/conda-forge/osx-64/freetype-2.10.4-h4cff582_1.tar.bz2#5a136a432c6062362cd7990c514bd8d6
https://conda.anaconda.org/conda-forge/osx-64/gettext-0.19.8.1-h7937167_1005.tar.bz2#52fd84c5cc5d61a6e05885f44d033efa
https://conda.anaconda.org/conda-forge/osx-64/krb5-1.16.4-h1752a42_0.tar.bz2#b1934e46d86143e6f8e71687b3fdf672
https://conda.anaconda.org/conda-forge/osx-64/libclang-8.0.1-ha1b3eb9_2.tar.bz2#3b9169c2dcdeb4373fdd7fc400677daa
https://conda.anaconda.org/conda-forge/osx-64/libgfortran-4.0.0-7_5_0_h1a10cd1_17.tar.bz2#21485b099c09e23d862011d946ba4da9
https://conda.anaconda.org/conda-forge/osx-64/libssh2-1.9.0-h39bdce6_5.tar.bz2#476b4daa896469326286db3a37e23190
https://conda.anaconda.org/conda-forge/osx-64/libxml2-2.9.10-h53d96d6_0.tar.bz2#18dab8184a9255bf6fcd55c69f94f3b1
https://conda.anaconda.org/conda-forge/osx-64/sqlite-3.34.0-h17101e1_0.tar.bz2#9e9694f119bb1a2362a0cc0249651835
https://conda.anaconda.org/conda-forge/osx-64/xerces-c-3.2.2-hbda6038_1004.tar.bz2#78a72821a46993ebcdb889b8b436f104
https://conda.anaconda.org/conda-forge/osx-64/zstd-1.4.8-hf387650_1.tar.bz2#c17f2ece6445e21c290df2f9a0f1f94d
https://conda.anaconda.org/conda-forge/osx-64/fontconfig-2.13.1-hd23ceaa_1004.tar.bz2#f7a97ed909ce3b2653e8ec5752a6923c
https://conda.anaconda.org/conda-forge/osx-64/hdf5-1.10.5-nompi_h3e39495_1104.tar.bz2#5b83eacdb31fa5f8421a2510b0b46414
https://conda.anaconda.org/conda-forge/osx-64/libcurl-7.68.0-h709d2b2_0.tar.bz2#6ba0da63d344a9d2514333cb68f7ca06
https://conda.anaconda.org/conda-forge/osx-64/libglib-2.66.6-h372d7e7_2.tar.bz2#2c5c29ec74f386ab32855a46dca7ba56
https://conda.anaconda.org/conda-forge/osx-64/libkml-1.3.0-h88bc94a_1012.tar.bz2#002d7893bf4dfd5868a3bfef456d1366
https://conda.anaconda.org/conda-forge/osx-64/libopenblas-0.3.12-openmp_h63d9170_1.tar.bz2#eef885eb44a8d6e11edfa18cb5d024dc
https://conda.anaconda.org/conda-forge/osx-64/libpq-11.5-h31a01ba_2.tar.bz2#41b35d3e292c43d93a01e3bc302edff1
https://conda.anaconda.org/conda-forge/osx-64/libtiff-4.2.0-h355d032_0.tar.bz2#ad3cbf0f77b9f89df082eef584d9009a
https://conda.anaconda.org/conda-forge/osx-64/nss-3.47-hcec2283_0.tar.bz2#f1d8661dc01718ca1aa63c9e3ea71674
https://conda.anaconda.org/conda-forge/osx-64/proj4-6.1.1-hca663eb_1.tar.bz2#307b1c789672db3b935dd947424e53df
https://conda.anaconda.org/conda-forge/osx-64/python-3.6.12-h6c3b2c9_0_cpython.tar.bz2#fe648e96b9f667eacda192e4ff5c6e6c
https://conda.anaconda.org/conda-forge/noarch/async_generator-1.10-py_0.tar.bz2#d56c596e61b1c4952acf0a9920856c12
https://conda.anaconda.org/conda-forge/noarch/attrs-20.3.0-pyhd3deb0d_0.tar.bz2#5b319abb055eefcfa344bc21378ca23f
https://conda.anaconda.org/conda-forge/noarch/backcall-0.2.0-pyh9f0ad1d_0.tar.bz2#6006a6d08a3fa99268a2681c7fb55213
https://conda.anaconda.org/conda-forge/osx-64/backports-1.0-py36_1.tar.bz2#10236f0a9a490ee173e4cfe0278ddc69
https://conda.anaconda.org/conda-forge/osx-64/cfitsio-3.470-h84d2f63_2.tar.bz2#afcfeaa2efcb68eaefdc80701f10c464
https://conda.anaconda.org/conda-forge/noarch/click-7.1.2-pyh9f0ad1d_0.tar.bz2#bd50a970ce07e660c319fdc4d730d3f1
https://conda.anaconda.org/conda-forge/osx-64/curl-7.68.0-h8754def_0.tar.bz2#aa44a3b51afa73523b0e0bbb50b0407b
https://conda.anaconda.org/conda-forge/noarch/decorator-4.4.2-py_0.tar.bz2#d2eabb9cabd212e1ec6a9463bd846243
https://conda.anaconda.org/conda-forge/noarch/defusedxml-0.6.0-py_0.tar.bz2#37e1033daee0e2edaa5ff42584c52b21
https://conda.anaconda.org/conda-forge/osx-64/et_xmlfile-1.0.1-py36_1000.tar.bz2#db2384e5b86045b6dd959c7c60beb360
https://conda.anaconda.org/conda-forge/noarch/geographiclib-1.50-py_0.tar.bz2#8a5314ac08df2eec55bbd72bd2dbd4c9
https://conda.anaconda.org/conda-forge/noarch/geojson-2.4.1-py_0.tar.bz2#7722a46eaed6f8acb48eb547995ac655
https://conda.anaconda.org/conda-forge/osx-64/geotiff-1.5.1-h2bcb450_3.tar.bz2#878e08bd2bebf76d42b28120689f8871
https://conda.anaconda.org/conda-forge/osx-64/glib-tools-2.66.6-hb100763_2.tar.bz2#e0543f0c3960399324527da7fc18f17e
https://conda.anaconda.org/conda-forge/noarch/idna-2.10-pyh9f0ad1d_0.tar.bz2#f95a12b4f435aae6680fe55ae2eb1b06
https://conda.anaconda.org/conda-forge/noarch/iniconfig-1.1.1-pyh9f0ad1d_0.tar.bz2#39161f81cc5e5ca45b8226fbb06c6905
https://conda.anaconda.org/conda-forge/osx-64/ipython_genutils-0.2.0-py36_0.tar.bz2#0ed84bd49612535792119b2fef8f2a9e
https://conda.anaconda.org/conda-forge/noarch/itsdangerous-1.1.0-py_0.tar.bz2#8afda875561afffed1115fd247fdd61e
https://conda.anaconda.org/conda-forge/noarch/jdcal-1.4.1-py_0.tar.bz2#9fe16d5fe97827e2d9c68547c209354f
https://conda.anaconda.org/conda-forge/noarch/jupyterlab_widgets-1.0.0-pyhd8ed1ab_1.tar.bz2#f8da92114c8fbe1d951b0efaf54dd14b
https://conda.anaconda.org/conda-forge/osx-64/kealib-1.4.13-h2324030_0.tar.bz2#e1ed127ca79060750d6227785e2e05ad
https://conda.anaconda.org/conda-forge/osx-64/lcms2-2.11-hdc706ca_1.tar.bz2#860455bc3afba9dd2971292f67f1ac38
https://conda.anaconda.org/conda-forge/osx-64/libblas-3.9.0-8_openblas.tar.bz2#054ee8e709d3d9c2678a3c8bda034896
https://conda.anaconda.org/conda-forge/osx-64/libspatialite-4.3.0a-hd0a3780_1030.tar.bz2#97606ce37f747fe31d7c54c2791a1add
https://conda.anaconda.org/conda-forge/osx-64/mccabe-0.6.1-py36_0.tar.bz2#7f0fc6d47910c6186824f3fd2c8452f8
https://conda.anaconda.org/conda-forge/noarch/more-itertools-8.6.0-pyhd8ed1ab_0.tar.bz2#980af7a97980ad4cc867b3c1fad782e7
https://conda.anaconda.org/conda-forge/noarch/nest-asyncio-1.4.3-pyhd8ed1ab_0.tar.bz2#a1f2fda4d88c624810bf2029aa4c0827
https://conda.anaconda.org/conda-forge/noarch/olefile-0.46-pyh9f0ad1d_1.tar.bz2#0b2e68acc8c78c8cc392b90983481f58
https://conda.anaconda.org/conda-forge/osx-64/openjpeg-2.3.1-hcdae239_3.tar.bz2#26d248692ce738c419e2a1a43b0831d7
https://repo.anaconda.com/pkgs/main/osx-64/pandocfilters-1.4.3-py36hecd8cb5_1.conda#ee93f633b6fe8134c0bf8c6ab64d70ec
https://conda.anaconda.org/conda-forge/noarch/parso-0.7.1-pyh9f0ad1d_0.tar.bz2#f66647d1ec805566d72ac26f62b19c01
https://conda.anaconda.org/conda-forge/osx-64/postgresql-11.5-h26bc10f_2.tar.bz2#ad0170c2d17a95965f41af7bd22a4a09
https://conda.anaconda.org/conda-forge/noarch/prometheus_client-0.9.0-pyhd3deb0d_0.tar.bz2#c7af95daf5bae22ead34151e0ab9d041
https://conda.anaconda.org/conda-forge/noarch/ptyprocess-0.7.0-pyhd3deb0d_0.tar.bz2#359eeb6536da0e687af562ed265ec263
https://conda.anaconda.org/conda-forge/noarch/py-1.10.0-pyhd3deb0d_0.tar.bz2#88ca1328ecc79a070214aa24911bace8
https://conda.anaconda.org/conda-forge/noarch/pycparser-2.20-pyh9f0ad1d_2.tar.bz2#aa798d50ffd182a0f6f31478c7f434f6
https://conda.anaconda.org/conda-forge/noarch/pyparsing-2.4.7-pyh9f0ad1d_0.tar.bz2#626c4f20d5bf06dcec9cf2eaa31725c7
https://conda.anaconda.org/conda-forge/osx-64/pyproj-2.2.1-py36h9bb365a_1.tar.bz2#d473dde4b007bf11a8632805556ea60f
https://conda.anaconda.org/conda-forge/osx-64/python_abi-3.6-1_cp36m.tar.bz2#b5288c464326cc7a5827251344e5098f
https://conda.anaconda.org/conda-forge/noarch/pytz-2021.1-pyhd8ed1ab_0.tar.bz2#3af2e9424d5eb0063824a3f9b850d411
https://conda.anaconda.org/conda-forge/osx-64/qt-5.12.5-h1b46049_0.tar.bz2#fc34696de0c20c53316a1d1e14ce6677
https://conda.anaconda.org/conda-forge/noarch/qtpy-1.9.0-py_0.tar.bz2#ab75b0ea90d2621e1924b824e2f395ee
https://conda.anaconda.org/conda-forge/noarch/send2trash-1.5.0-py_0.tar.bz2#c3779037a635e1150f1c53c28b875949
https://conda.anaconda.org/conda-forge/noarch/six-1.15.0-pyh9f0ad1d_0.tar.bz2#1eec421f0f1f39e579e44e4a5ce646a2
https://conda.anaconda.org/conda-forge/noarch/testpath-0.4.4-py_0.tar.bz2#3b98fff4d5342bebde2ecaa314f796f9
https://conda.anaconda.org/conda-forge/noarch/threadpoolctl-2.1.0-pyh5ca1d4c_0.tar.bz2#9eb32b63458380aa3804de519b6e5749
https://conda.anaconda.org/conda-forge/noarch/toml-0.10.2-pyhd8ed1ab_0.tar.bz2#f832c45a477c78bebd107098db465095
https://conda.anaconda.org/conda-forge/noarch/typing_extensions-3.7.4.3-py_0.tar.bz2#12b96e382730541a4b332420227055ae
https://conda.anaconda.org/conda-forge/osx-64/webencodings-0.5.1-py36_0.tar.bz2#8681de6887931e0f82f7e67307c5bbc8
https://conda.anaconda.org/conda-forge/noarch/werkzeug-1.0.1-pyh9f0ad1d_0.tar.bz2#a9f0ed0e6ba014c4e42543bda09e0035
https://conda.anaconda.org/conda-forge/noarch/xlrd-2.0.1-pyhd8ed1ab_3.tar.bz2#97dfcd5ff030d829b55f67e82f928093
https://conda.anaconda.org/conda-forge/noarch/zipp-3.4.0-py_0.tar.bz2#0df927d2e46244cef8fd75d7ec2ba51c
https://conda.anaconda.org/conda-forge/osx-64/appnope-0.1.2-py36h79c6626_1.tar.bz2#0a48851f74d57e76cd8048ff48667cc7
https://conda.anaconda.org/conda-forge/osx-64/certifi-2020.12.5-py36h79c6626_1.tar.bz2#be73dcfa031097e831334929c9a510fc
https://conda.anaconda.org/conda-forge/osx-64/cffi-1.14.4-py36hfe0777f_1.tar.bz2#292b90dba767fca5e0f516252d7e45d6
https://conda.anaconda.org/conda-forge/osx-64/chardet-4.0.0-py36h79c6626_1.tar.bz2#9d108a47b52b3a9960e95ee4cb4d7bd6
https://conda.anaconda.org/conda-forge/noarch/click-plugins-1.1.1-py_0.tar.bz2#4fd2c6b53934bd7d96d1f3fdaf99b79f
https://conda.anaconda.org/conda-forge/noarch/cligj-0.7.1-pyhd8ed1ab_0.tar.bz2#3170b1d23788c6b161dbd14bfb5c752e
https://conda.anaconda.org/conda-forge/osx-64/coverage-5.4-py36h20b66c6_0.tar.bz2#bf9bc5f50b3f17373bb60f43795669f5
https://conda.anaconda.org/conda-forge/noarch/cycler-0.10.0-py_2.tar.bz2#f6d7c7e6d8f42cbbec7e07a8d879f91c
https://conda.anaconda.org/conda-forge/osx-64/entrypoints-0.3-py36h9f0ad1d_1002.tar.bz2#50e84528da4a1ff44ff6c80b273c2b35
https://conda.anaconda.org/conda-forge/osx-64/future-0.18.2-py36h79c6626_3.tar.bz2#083abc3aecb26f784227646ee88a5d6e
https://conda.anaconda.org/conda-forge/noarch/geopy-2.1.0-pyhd3deb0d_0.tar.bz2#0424ea40a44cceff6da6856abcd95a77
https://conda.anaconda.org/conda-forge/osx-64/glib-2.66.6-hb100763_2.tar.bz2#e76a2e5854ccb9d56c4aefe2415dc628
https://conda.anaconda.org/conda-forge/osx-64/importlib-metadata-3.4.0-py36h79c6626_0.tar.bz2#029ce93aba6ed4dff47996ed3092b016
https://conda.anaconda.org/conda-forge/osx-64/jedi-0.17.2-py36h79c6626_1.tar.bz2#ffcf622b1afd6c66880e7c984d8c91a9
https://conda.anaconda.org/conda-forge/osx-64/kiwisolver-1.3.1-py36h615c93b_1.tar.bz2#9b4a9f69dd30480b3e9851422cad485f
https://conda.anaconda.org/conda-forge/osx-64/lazy-object-proxy-1.4.3-py36h37b9a7d_2.tar.bz2#8e7c5c1fa4f4e9caa05832e3b3b14b89
https://conda.anaconda.org/conda-forge/osx-64/libcblas-3.9.0-8_openblas.tar.bz2#67acafbc05ce608462a59740ef546b52
https://conda.anaconda.org/conda-forge/osx-64/libdap4-3.20.4-habf5908_0.tar.bz2#dc7147c307e337ec61321394a62575e5
https://conda.anaconda.org/conda-forge/osx-64/liblapack-3.9.0-8_openblas.tar.bz2#f20c01455d69b8a613bb92cd4544b553
https://conda.anaconda.org/conda-forge/osx-64/libnetcdf-4.7.1-nompi_hec86efb_102.tar.bz2#80885aab87a1d2784896988ae4336c16
https://conda.anaconda.org/conda-forge/osx-64/markupsafe-1.1.1-py36h20b66c6_3.tar.bz2#909cb4bd3736e03d9813f124f86a76f1
https://conda.anaconda.org/conda-forge/osx-64/mistune-0.8.4-py36h20b66c6_1003.tar.bz2#8a8f14dd2e2e6a8a51010281a3df2fb8
https://conda.anaconda.org/conda-forge/noarch/openpyxl-3.0.6-pyhd8ed1ab_0.tar.bz2#2da6a8a3f70ea759d14d86b5cb3875e9
https://conda.anaconda.org/conda-forge/noarch/packaging-20.9-pyh44b312d_0.tar.bz2#be69a38e912054a62dc82cc3c7711a64
https://conda.anaconda.org/conda-forge/osx-64/pexpect-4.8.0-py36h9f0ad1d_1.tar.bz2#8ef6e33aca359b29edffa67758c77ee5
https://conda.anaconda.org/conda-forge/osx-64/pickleshare-0.7.5-py36h9f0ad1d_1002.tar.bz2#2b462ac30fc2b5a1b9635799cb6d3bba
https://conda.anaconda.org/conda-forge/osx-64/pillow-8.1.0-py36hc04f27d_1.tar.bz2#f9f15d9744e4ca964d5ef6f6786a895f
https://conda.anaconda.org/conda-forge/osx-64/pyrsistent-0.17.3-py36h20b66c6_2.tar.bz2#8d576cf8b49014c12a8ef330f1070fa5
https://conda.anaconda.org/conda-forge/osx-64/pysocks-1.7.1-py36h79c6626_3.tar.bz2#82c5d8e513559c97364e1c0e676cf83a
https://conda.anaconda.org/conda-forge/noarch/python-dateutil-2.8.1-py_0.tar.bz2#0d0150ed9c2d25817f5324108d3f7571
https://conda.anaconda.org/conda-forge/osx-64/pyyaml-5.4.1-py36h20b66c6_0.tar.bz2#271bdcfe208b523b9ae61d80576decd4
https://conda.anaconda.org/conda-forge/osx-64/pyzmq-20.0.0-py36h8302150_1.tar.bz2#be9235be083d5bf01dec78fa971401a8
https://conda.anaconda.org/conda-forge/noarch/ratelim-0.1.6-py_2.tar.bz2#a3065318deda7d6879017a3264b9772c
https://conda.anaconda.org/conda-forge/osx-64/rtree-0.9.7-py36h49c2f37_1.tar.bz2#f58eb722e6d1ad2a02228339a3010174
https://conda.anaconda.org/conda-forge/osx-64/ruamel.yaml.clib-0.2.2-py36h20b66c6_2.tar.bz2#e8a1fb7769809428bac40ec8a19e245c
https://conda.anaconda.org/conda-forge/osx-64/tornado-6.1-py36h20b66c6_1.tar.bz2#7a6618903f8837f2f852fe325f440042
https://conda.anaconda.org/conda-forge/osx-64/traitlets-4.3.3-py36h9f0ad1d_1.tar.bz2#465aceca33712aec20ea32a7d6bcdc05
https://conda.anaconda.org/conda-forge/osx-64/typed-ast-1.4.2-py36h20b66c6_0.tar.bz2#d4954cd0c1886f8cc5b4f58b13b1644a
https://conda.anaconda.org/conda-forge/noarch/tzlocal-2.1-pyh9f0ad1d_0.tar.bz2#9d16668487f3fd44290d9fdbbd25b283
https://conda.anaconda.org/conda-forge/osx-64/wrapt-1.11.2-py36h9de38fb_1.tar.bz2#73515004b92bc22fbd9b1fe871e59e5c
https://conda.anaconda.org/conda-forge/osx-64/argon2-cffi-20.1.0-py36h6941dd6_2.tar.bz2#ac7c035e6f6e6e899ce0fec518ea250b
https://conda.anaconda.org/conda-forge/osx-64/brotlipy-0.7.0-py36ha3de816_1001.tar.bz2#c3a22d0ad984182a15fb4b5bc07429f6
https://conda.anaconda.org/conda-forge/osx-64/cairo-1.16.0-hec6a9b0_1003.tar.bz2#bb05311d729dea72ab03599e7cc4fa27
https://conda.anaconda.org/conda-forge/osx-64/cryptography-3.3.1-py36hd858a44_1.tar.bz2#81296d1431521974bf855b0e103f9981
https://repo.anaconda.com/pkgs/main/osx-64/dbus-1.13.18-h18a8e69_0.conda#c61ea6722d8eb38d58a024407b444a69
https://conda.anaconda.org/conda-forge/noarch/importlib_metadata-3.4.0-hd8ed1ab_0.tar.bz2#6d962cade0658bb1040a3e994add14e0
https://conda.anaconda.org/conda-forge/osx-64/jupyter_core-4.7.1-py36h79c6626_0.tar.bz2#5bd2cfc13115919991063f1cfe7ddd93
https://conda.anaconda.org/conda-forge/osx-64/numpy-1.19.5-py36h08dc641_1.tar.bz2#793ea847022ab4ae028abce86f077917
https://repo.anaconda.com/pkgs/main/osx-64/setuptools-52.0.0-py36hecd8cb5_0.conda#7dee58e03cf90fcdbaa6d39231423840
https://conda.anaconda.org/conda-forge/osx-64/terminado-0.9.2-py36h79c6626_0.tar.bz2#2e70e88df2a56296839c55697693d6df
https://conda.anaconda.org/conda-forge/osx-64/astroid-2.4.2-py36h9f0ad1d_1.tar.bz2#9c0ddafb02271921f7da121c1da869ab
https://conda.anaconda.org/conda-forge/noarch/backports.functools_lru_cache-1.6.1-py_0.tar.bz2#d36df15eaef96549ce6231e3088fba54
https://conda.anaconda.org/conda-forge/noarch/bleach-3.3.0-pyh44b312d_0.tar.bz2#abf6b76c39358ca36ca706c46f054f2a
https://conda.anaconda.org/conda-forge/noarch/isort-5.7.0-pyhd8ed1ab_0.tar.bz2#073e46728e0d9a8722457cbf1c335c14
https://conda.anaconda.org/conda-forge/noarch/jinja2-2.11.3-pyh44b312d_0.tar.bz2#1d4c3605d85a3655b1595e0694138eb6
https://conda.anaconda.org/conda-forge/noarch/joblib-1.0.0-pyhd8ed1ab_0.tar.bz2#2d9036ba47d26d88157c4eeab0693bfe
https://conda.anaconda.org/conda-forge/osx-64/jsonschema-3.2.0-py36h9f0ad1d_1.tar.bz2#a2ad95050f62f8b4f86a125f77fd9df5
https://conda.anaconda.org/conda-forge/noarch/jupyter_client-6.1.11-pyhd8ed1ab_1.tar.bz2#0fcd80df6d4e0558754c39453ffa3110
https://conda.anaconda.org/conda-forge/osx-64/matplotlib-base-3.3.4-py36h4ea959b_0.tar.bz2#7a7089eaafb392bd63b55eb75dd9bbf4
https://conda.anaconda.org/conda-forge/noarch/munch-2.5.0-py_0.tar.bz2#31d9e9be500e25ff0050bc9f57a6bcd7
https://conda.anaconda.org/conda-forge/noarch/networkx-2.5-py_0.tar.bz2#d836ad8453c22192357707026ca21653
https://conda.anaconda.org/conda-forge/osx-64/pandas-1.0.5-py36hcc1bba6_0.tar.bz2#a39efe1a7336f4b38ca7eadfaa39ce0e
https://conda.anaconda.org/conda-forge/osx-64/pluggy-0.13.1-py36h79c6626_4.tar.bz2#ddab5fdb94e1349e994046b3aa761497
https://conda.anaconda.org/conda-forge/osx-64/poppler-0.67.0-h16886b5_8.tar.bz2#8ce4170a538612725cbdb88ab21d8274
https://conda.anaconda.org/conda-forge/noarch/pygments-2.7.4-pyhd8ed1ab_0.tar.bz2#d162b2e135758c51410bacfa6f5ef5bb
https://conda.anaconda.org/conda-forge/noarch/pyopenssl-20.0.1-pyhd8ed1ab_0.tar.bz2#92371c25994d0f5d28a01c1fb75ebf86
https://conda.anaconda.org/conda-forge/osx-64/pyqt-5.12.3-py36haa9e2f4_3.tar.bz2#ba853e5b913dd2e4681be6e00e3d290b
https://conda.anaconda.org/conda-forge/osx-64/ruamel.yaml-0.16.12-py36h20b66c6_2.tar.bz2#9fca1aa548708626fb2ceace2dc795d4
https://conda.anaconda.org/conda-forge/osx-64/scipy-1.5.3-py36hca8f76d_0.tar.bz2#3826befb30dd642754d33ac2c5083980
https://conda.anaconda.org/conda-forge/osx-64/shapely-1.6.4-py36h0567c5e_1006.tar.bz2#f02718466c7bde43d10f5143bdf1ff3a
https://conda.anaconda.org/conda-forge/noarch/branca-0.4.2-pyhd8ed1ab_0.tar.bz2#836c975d3ae4f21c3cd047c10b15a7cf
https://conda.anaconda.org/conda-forge/noarch/flask-1.1.2-pyh9f0ad1d_0.tar.bz2#721f9fc33930d8deec05a746dd1be3b8
https://conda.anaconda.org/conda-forge/noarch/jupyterlab_pygments-0.1.2-pyh9f0ad1d_0.tar.bz2#2cbd910890bb328e8959246a1e16fac7
https://conda.anaconda.org/conda-forge/osx-64/libgdal-2.4.3-h48e9a63_8.tar.bz2#3bb8ecc20368685ba5c402660020c38e
https://conda.anaconda.org/conda-forge/osx-64/matplotlib-3.3.4-py36h79c6626_0.tar.bz2#63c16be86d78bbe90dfa3b2529afef97
https://conda.anaconda.org/conda-forge/noarch/nbformat-5.1.2-pyhd8ed1ab_1.tar.bz2#9633dbb668ac1f9266427672816899dc
https://conda.anaconda.org/conda-forge/noarch/patsy-0.5.1-py_0.tar.bz2#d971df2dcd1a453daabecec0ef76e88a
https://conda.anaconda.org/conda-forge/osx-64/pylint-2.6.0-py36h9f0ad1d_1.tar.bz2#7015ab091ac7f216fb1168ce76a6e1e3
https://conda.anaconda.org/conda-forge/osx-64/pytest-6.2.2-py36h79c6626_0.tar.bz2#87b32aa179d5f3597ce0ab5752881d13
https://conda.anaconda.org/conda-forge/osx-64/scikit-learn-0.24.1-py36hed11f80_0.tar.bz2#aad71dfee2a2cf057ae6ada0c94645d0
https://conda.anaconda.org/conda-forge/noarch/seaborn-base-0.11.1-pyhd8ed1ab_1.tar.bz2#f524b2bb48274790373a27128b25d7ca
https://conda.anaconda.org/conda-forge/noarch/urllib3-1.26.3-pyhd8ed1ab_0.tar.bz2#25573e57774dd54cfa848e5dd44503ed
https://conda.anaconda.org/conda-forge/noarch/wcwidth-0.2.5-pyh9f0ad1d_2.tar.bz2#5266fcd697043c59621fda522b3d78ee
https://conda.anaconda.org/conda-forge/osx-64/descartes-1.1.0-py36_0.tar.bz2#ba353a21111385fefe1c071a5cb7ac0d
https://conda.anaconda.org/conda-forge/osx-64/gdal-2.4.3-py36h1304821_8.tar.bz2#fe342859883dc2d3b3e7f6100a651e05
https://conda.anaconda.org/conda-forge/noarch/nbclient-0.5.1-py_0.tar.bz2#4efba375c50e6668cb5778e36d1f3a7e
https://conda.anaconda.org/conda-forge/noarch/prompt-toolkit-3.0.14-pyha770c72_0.tar.bz2#ab67af70c2ff5cc2be310f0d6cb95a8a
https://conda.anaconda.org/conda-forge/osx-64/py-xgboost-1.3.0-py36h79c6626_1.tar.bz2#08501a238c131b136e5a14393e63bd3e
https://conda.anaconda.org/conda-forge/noarch/pytest-cov-2.11.1-pyh44b312d_0.tar.bz2#67e256d6c8a3082d3f29f8cefce17bbf
https://conda.anaconda.org/conda-forge/noarch/requests-2.25.1-pyhd3deb0d_0.tar.bz2#ae687aba31a1c400192a86a2e993ffdc
https://conda.anaconda.org/conda-forge/osx-64/statsmodels-0.12.2-py36hf14bfbd_0.tar.bz2#048cb8a8cb4135984ec8220f7339c708
https://conda.anaconda.org/conda-forge/noarch/codecov-2.1.11-pyhd3deb0d_0.tar.bz2#9c661c2c14b4667827218402e6624ad5
https://conda.anaconda.org/conda-forge/osx-64/fiona-1.8.9.post2-py36h238e834_0.tar.bz2#e1630e45e90dba8e3421345a3ea2ab74
https://conda.anaconda.org/conda-forge/noarch/folium-0.12.0-pyhd8ed1ab_0.tar.bz2#a78bd9208c32c7005b7436e3dd384a2c
https://conda.anaconda.org/conda-forge/noarch/geocoder-1.38.1-py_1.tar.bz2#85f4e01bee20c149b2c060eb9a7c7751
https://conda.anaconda.org/conda-forge/osx-64/ipython-7.16.1-py36h9cf137f_2.tar.bz2#e8fe9a5e5a41a0401463dc48ed95c906
https://conda.anaconda.org/conda-forge/osx-64/nbconvert-6.0.7-py36h79c6626_3.tar.bz2#64dd6243941cdcefd7e9cf1d9550f547
https://conda.anaconda.org/conda-forge/noarch/prompt_toolkit-3.0.14-hd8ed1ab_0.tar.bz2#f2293b2cbaa4c133f1f791c1d996f79e
https://conda.anaconda.org/conda-forge/osx-64/seaborn-0.11.1-h694c41f_0.tar.bz2#8e178eb965e9d2e0a6a4421811e913d7
https://conda.anaconda.org/conda-forge/noarch/geopandas-0.5.1-py_0.tar.bz2#2740d9c24934635d95a48ffca4f33c65
https://conda.anaconda.org/conda-forge/noarch/ipdb-0.13.4-pyhd3deb0d_0.tar.bz2#b6e9e536a43b76c5341fe061177d65c4
https://conda.anaconda.org/conda-forge/osx-64/ipykernel-5.4.3-py36h9cf137f_0.tar.bz2#38dc2fa0eaf966212d87f8376a7e6072
https://conda.anaconda.org/conda-forge/noarch/jupyter_console-6.2.0-py_0.tar.bz2#cb063fba0917fab041217d5a4a3adca0
https://conda.anaconda.org/conda-forge/osx-64/notebook-6.2.0-py36h79c6626_0.tar.bz2#23a5ffd9a2cf5c50f016d89d7143d00c
https://conda.anaconda.org/conda-forge/noarch/osmnx-0.11.4-py_1.tar.bz2#5bf65a7b7f4c41d66049c86d838fd5c4
https://conda.anaconda.org/conda-forge/noarch/qtconsole-5.0.2-pyhd8ed1ab_0.tar.bz2#0fb6a03f1a5fa89a0adc21e62959ac63
https://conda.anaconda.org/conda-forge/osx-64/widgetsnbextension-3.5.1-py36h79c6626_4.tar.bz2#4fd4c9e381f16caf01d9a5244eeea563
https://conda.anaconda.org/conda-forge/noarch/ipywidgets-7.6.3-pyhd3deb0d_0.tar.bz2#536a9ed6d9e740f2b83d1a3c388e4388
https://conda.anaconda.org/conda-forge/osx-64/jupyter-1.0.0-py36h79c6626_6.tar.bz2#4de1206a171612d881ade0758a4f31c8
