# platform: win-64
# env_hash: f32645531ce8ff0bdf703d6ad1beea7306227132570eda0e6be08cd8d9f071d9
@EXPLICIT
https://repo.anaconda.com/pkgs/main/win-64/_py-xgboost-mutex-2.0-cpu_0.conda#b78304ae04e805fdef3625f7d1fe7e86
https://repo.anaconda.com/pkgs/main/win-64/ca-certificates-2021.1.19-haa95532_0.conda#be6f2398b9ef7ee609fb9bf8505a31e7
https://conda.anaconda.org/conda-forge/win-64/intel-openmp-2020.3-h57928b3_311.tar.bz2#361a51c98a0cb06415bd3f9d3bbb5778
https://conda.anaconda.org/conda-forge/win-64/msys2-conda-epoch-20160418-1.tar.bz2#b0309b72560df66f71a9d5e34a5efdfa
https://conda.anaconda.org/conda-forge/win-64/pandoc-2.11.4-h8ffe710_0.tar.bz2#8b0446e8cc07c9d41ded3e05fa215bb7
https://conda.anaconda.org/conda-forge/noarch/poppler-data-0.4.10-0.tar.bz2#02204e159c8596584135923fd81a2c10
https://conda.anaconda.org/conda-forge/win-64/vs2015_runtime-14.28.29325-h5e1d092_0.tar.bz2#4e4fc486090f90e00edfa9c7730e2771
https://conda.anaconda.org/conda-forge/win-64/winpty-0.4.3-4.tar.bz2#1cee351bf20b830d991dbe0bc8cd7dfe
https://conda.anaconda.org/conda-forge/win-64/m2w64-expat-2.1.1-2.tar.bz2#db44fde4e735d626b65cef1c6864d9ee
https://conda.anaconda.org/conda-forge/win-64/m2w64-gmp-6.1.0-2.tar.bz2#53a1c73e1e3d185516d7e3af177596d9
https://conda.anaconda.org/conda-forge/win-64/m2w64-libiconv-1.14-6.tar.bz2#e701397b4fc0cf3fae3d93ab16223206
https://conda.anaconda.org/conda-forge/win-64/m2w64-libwinpthread-git-5.0.0.4634.697f757-2.tar.bz2#774130a326dee16f1ceb05cc687ee4f0
https://conda.anaconda.org/conda-forge/win-64/mkl-2020.4-hb70f87d_311.tar.bz2#eb823c8b41ecf9cd5f08baea1b32e4ef
https://conda.anaconda.org/conda-forge/win-64/vc-14.2-hb210afc_2.tar.bz2#6852e7ea3601522ab1d4fa60fec8c4fe
https://conda.anaconda.org/conda-forge/win-64/bzip2-1.0.8-h8ffe710_4.tar.bz2#7c03c66026944073040cb19a4f3ec3c9
https://conda.anaconda.org/conda-forge/win-64/cfitsio-3.470-hbbe6aef_7.tar.bz2#c809128ebb700f93b7f34951258f3614
https://conda.anaconda.org/conda-forge/win-64/expat-2.2.10-h39d44d4_0.tar.bz2#ac841a17b410ce2671369fba8a874ac3
https://conda.anaconda.org/conda-forge/win-64/geos-3.7.2-he025d50_2.tar.bz2#0559a79e35b896ac5c493436f2fa5a4d
https://conda.anaconda.org/conda-forge/win-64/icu-64.2-he025d50_1.tar.bz2#31de833d7c98101ac23b7e271cb758b8
https://conda.anaconda.org/conda-forge/win-64/jpeg-9d-he774522_0.tar.bz2#093a3f2034d3002ee017859e388cc8a1
https://conda.anaconda.org/conda-forge/win-64/libblas-3.9.0-8_mkl.tar.bz2#6de24bc80d8a3dcd5e2f06641a5d1da3
https://conda.anaconda.org/conda-forge/win-64/libclang-9.0.1-default_hf44288c_0.tar.bz2#61c45f667b4177bfd26d377b62e5bb84
https://conda.anaconda.org/conda-forge/win-64/libffi-3.3-h0e60522_2.tar.bz2#b7d85288d380da17d1024358f18e9b62
https://conda.anaconda.org/conda-forge/win-64/libiconv-1.16-he774522_0.tar.bz2#bdfeadc9348e4d9fbe4821e81bf8f221
https://conda.anaconda.org/conda-forge/win-64/libsodium-1.0.18-h62dcd97_1.tar.bz2#5e0709275ea686866988ac69c3850d35
https://conda.anaconda.org/conda-forge/win-64/libspatialindex-1.9.3-he025d50_3.tar.bz2#0a6a0b7c8ffd98fe00316438bab89291
https://conda.anaconda.org/conda-forge/win-64/lz4-c-1.9.3-h8ffe710_0.tar.bz2#5c9a617ed4fbd41f8c564fab236dda60
https://conda.anaconda.org/conda-forge/win-64/m2w64-gcc-libs-core-5.3.0-7.tar.bz2#4289d80fb4d272f1f3b56cfe87ac90bd
https://conda.anaconda.org/conda-forge/win-64/openssl-1.1.1i-h8ffe710_0.tar.bz2#49729ddb4fec3c604009a80e0411bb47
https://conda.anaconda.org/conda-forge/win-64/pcre-8.44-ha925a31_0.tar.bz2#a958ae62e7723fa5c0720d78efed5e7f
https://conda.anaconda.org/conda-forge/win-64/python-3.6.12-h39d44d4_0_cpython.tar.bz2#0c7f8464bfe4145b0f65c22e88873d4c
https://conda.anaconda.org/conda-forge/win-64/sqlite-3.34.0-h8ffe710_0.tar.bz2#0887d420b945a5342cd03429d475658c
https://conda.anaconda.org/conda-forge/win-64/tk-8.6.10-he774522_1.tar.bz2#34a906fb55a5f0820d87b93da4dbb596
https://conda.anaconda.org/conda-forge/win-64/xerces-c-3.2.2-h6538335_1004.tar.bz2#bf78933a9453cbeaba24717fda944d12
https://conda.anaconda.org/conda-forge/win-64/xz-5.2.5-h62dcd97_1.tar.bz2#eabcbfedd14d7c18a514afca09ea0ebb
https://conda.anaconda.org/conda-forge/win-64/yaml-0.2.5-he774522_0.tar.bz2#d41c34441d8bbb6d141e691ae7bccf35
https://conda.anaconda.org/conda-forge/win-64/zlib-1.2.11-h62dcd97_1010.tar.bz2#a4cdf389c5f73e60a0ca121ff77c22a9
https://conda.anaconda.org/conda-forge/noarch/async_generator-1.10-py_0.tar.bz2#d56c596e61b1c4952acf0a9920856c12
https://conda.anaconda.org/conda-forge/noarch/atomicwrites-1.4.0-pyh9f0ad1d_0.tar.bz2#5e36230ffaf3b7bb599424592684ae53
https://conda.anaconda.org/conda-forge/noarch/attrs-20.3.0-pyhd3deb0d_0.tar.bz2#5b319abb055eefcfa344bc21378ca23f
https://conda.anaconda.org/conda-forge/noarch/backcall-0.2.0-pyh9f0ad1d_0.tar.bz2#6006a6d08a3fa99268a2681c7fb55213
https://conda.anaconda.org/conda-forge/win-64/backports-1.0-py36_1.tar.bz2#9e2edf61601c41f64367c8a384c4cfda
https://conda.anaconda.org/conda-forge/noarch/click-7.1.2-pyh9f0ad1d_0.tar.bz2#bd50a970ce07e660c319fdc4d730d3f1
https://conda.anaconda.org/conda-forge/noarch/colorama-0.4.4-pyh9f0ad1d_0.tar.bz2#c08b4c1326b880ed44f3ffb04803332f
https://conda.anaconda.org/conda-forge/noarch/decorator-4.4.2-py_0.tar.bz2#d2eabb9cabd212e1ec6a9463bd846243
https://conda.anaconda.org/conda-forge/noarch/defusedxml-0.6.0-py_0.tar.bz2#37e1033daee0e2edaa5ff42584c52b21
https://conda.anaconda.org/conda-forge/win-64/et_xmlfile-1.0.1-py36_1000.tar.bz2#70265684a5362a6f031e4e646c7c7a2b
https://repo.anaconda.com/pkgs/main/win-64/freexl-1.0.6-h2bbff1b_0.conda#e14a3d237e3507d463e2d2b1a59f28f5
https://conda.anaconda.org/conda-forge/noarch/geographiclib-1.50-py_0.tar.bz2#8a5314ac08df2eec55bbd72bd2dbd4c9
https://conda.anaconda.org/conda-forge/noarch/geojson-2.4.1-py_0.tar.bz2#7722a46eaed6f8acb48eb547995ac655
https://conda.anaconda.org/conda-forge/win-64/gettext-0.19.8.1-h1a89ca6_1005.tar.bz2#9c6f6abe9d77d69553c2b287f4c5f0e6
https://conda.anaconda.org/conda-forge/win-64/hdf4-4.2.13-h0e5069d_1004.tar.bz2#560b7afe9baf32865dbf51b775e79b4b
https://conda.anaconda.org/conda-forge/win-64/hdf5-1.10.5-nompi_h4d922ce_1114.tar.bz2#6c6187c8a71bb0625f8dd00728e38173
https://conda.anaconda.org/conda-forge/noarch/idna-2.10-pyh9f0ad1d_0.tar.bz2#f95a12b4f435aae6680fe55ae2eb1b06
https://conda.anaconda.org/conda-forge/noarch/iniconfig-1.1.1-pyh9f0ad1d_0.tar.bz2#39161f81cc5e5ca45b8226fbb06c6905
https://conda.anaconda.org/conda-forge/win-64/ipython_genutils-0.2.0-py36_0.tar.bz2#7c0917d47b84d70c1da17ed71747c590
https://conda.anaconda.org/conda-forge/noarch/itsdangerous-1.1.0-py_0.tar.bz2#8afda875561afffed1115fd247fdd61e
https://conda.anaconda.org/conda-forge/noarch/jdcal-1.4.1-py_0.tar.bz2#9fe16d5fe97827e2d9c68547c209354f
https://conda.anaconda.org/conda-forge/noarch/jupyterlab_widgets-1.0.0-pyhd8ed1ab_1.tar.bz2#f8da92114c8fbe1d951b0efaf54dd14b
https://conda.anaconda.org/conda-forge/win-64/krb5-1.16.4-hdd46e55_0.tar.bz2#3b68aeac4b9a90bef6a433fc4babb8d5
https://conda.anaconda.org/conda-forge/win-64/libcblas-3.9.0-8_mkl.tar.bz2#3bac56af014b2ef22ebd87d4f5ee2774
https://conda.anaconda.org/conda-forge/win-64/liblapack-3.9.0-8_mkl.tar.bz2#f3c618bd796a71eede50ffe29d25ad8c
https://conda.anaconda.org/conda-forge/win-64/libpng-1.6.37-ha81a0f5_2.tar.bz2#cc8f11542031225ef813cbc7b60713fc
https://conda.anaconda.org/conda-forge/win-64/libssh2-1.9.0-hb06d900_5.tar.bz2#d98a41c806a42bffd8b05a2e6f1132f1
https://conda.anaconda.org/conda-forge/win-64/libxml2-2.9.10-hf5bbc77_3.tar.bz2#4d2f9377b960b9f1425e91e13a30126c
https://conda.anaconda.org/conda-forge/win-64/m2w64-gcc-libgfortran-5.3.0-6.tar.bz2#066552ac6b907ec6d72c0ddab29050dc
https://conda.anaconda.org/conda-forge/win-64/mccabe-0.6.1-py36_0.tar.bz2#6c9ea458996326cd778e7ffeb6454c0a
https://conda.anaconda.org/conda-forge/noarch/more-itertools-8.6.0-pyhd8ed1ab_0.tar.bz2#980af7a97980ad4cc867b3c1fad782e7
https://conda.anaconda.org/conda-forge/noarch/nest-asyncio-1.4.3-pyhd8ed1ab_0.tar.bz2#a1f2fda4d88c624810bf2029aa4c0827
https://conda.anaconda.org/conda-forge/noarch/olefile-0.46-pyh9f0ad1d_1.tar.bz2#0b2e68acc8c78c8cc392b90983481f58
https://repo.anaconda.com/pkgs/main/win-64/pandocfilters-1.4.3-py36haa95532_1.conda#438ffb31bec61968a4e98a1a6cfc853d
https://conda.anaconda.org/conda-forge/noarch/parso-0.7.1-pyh9f0ad1d_0.tar.bz2#f66647d1ec805566d72ac26f62b19c01
https://conda.anaconda.org/conda-forge/win-64/proj4-6.1.1-hc2d0af5_1.tar.bz2#e87d112c201a57b994921001e81fbe7f
https://conda.anaconda.org/conda-forge/noarch/prometheus_client-0.9.0-pyhd3deb0d_0.tar.bz2#c7af95daf5bae22ead34151e0ab9d041
https://conda.anaconda.org/conda-forge/noarch/py-1.10.0-pyhd3deb0d_0.tar.bz2#88ca1328ecc79a070214aa24911bace8
https://conda.anaconda.org/conda-forge/noarch/pycparser-2.20-pyh9f0ad1d_2.tar.bz2#aa798d50ffd182a0f6f31478c7f434f6
https://conda.anaconda.org/conda-forge/noarch/pyparsing-2.4.7-pyh9f0ad1d_0.tar.bz2#626c4f20d5bf06dcec9cf2eaa31725c7
https://conda.anaconda.org/conda-forge/win-64/python_abi-3.6-1_cp36m.tar.bz2#ab04861320c595149064323a65c03098
https://conda.anaconda.org/conda-forge/noarch/pytz-2021.1-pyhd8ed1ab_0.tar.bz2#3af2e9424d5eb0063824a3f9b850d411
https://conda.anaconda.org/conda-forge/noarch/qtpy-1.9.0-py_0.tar.bz2#ab75b0ea90d2621e1924b824e2f395ee
https://conda.anaconda.org/conda-forge/noarch/send2trash-1.5.0-py_0.tar.bz2#c3779037a635e1150f1c53c28b875949
https://conda.anaconda.org/conda-forge/noarch/six-1.15.0-pyh9f0ad1d_0.tar.bz2#1eec421f0f1f39e579e44e4a5ce646a2
https://conda.anaconda.org/conda-forge/noarch/testpath-0.4.4-py_0.tar.bz2#3b98fff4d5342bebde2ecaa314f796f9
https://conda.anaconda.org/conda-forge/noarch/threadpoolctl-2.1.0-pyh5ca1d4c_0.tar.bz2#9eb32b63458380aa3804de519b6e5749
https://conda.anaconda.org/conda-forge/noarch/toml-0.10.2-pyhd8ed1ab_0.tar.bz2#f832c45a477c78bebd107098db465095
https://conda.anaconda.org/conda-forge/noarch/typing_extensions-3.7.4.3-py_0.tar.bz2#12b96e382730541a4b332420227055ae
https://conda.anaconda.org/conda-forge/win-64/webencodings-0.5.1-py36_0.tar.bz2#101c444711dff0ea867743b52d2393db
https://conda.anaconda.org/conda-forge/noarch/werkzeug-1.0.1-pyh9f0ad1d_0.tar.bz2#a9f0ed0e6ba014c4e42543bda09e0035
https://conda.anaconda.org/conda-forge/noarch/xlrd-2.0.1-pyhd8ed1ab_3.tar.bz2#97dfcd5ff030d829b55f67e82f928093
https://conda.anaconda.org/conda-forge/win-64/zeromq-4.3.3-h0e60522_3.tar.bz2#3f14354fbaa50a70595d6d1a54292996
https://conda.anaconda.org/conda-forge/noarch/zipp-3.4.0-py_0.tar.bz2#0df927d2e46244cef8fd75d7ec2ba51c
https://conda.anaconda.org/conda-forge/win-64/zstd-1.4.8-h4e2f164_1.tar.bz2#f8a86a17cb984eb3a5051e29dfb4168b
https://conda.anaconda.org/conda-forge/win-64/boost-cpp-1.74.0-h54f0996_2.tar.bz2#f4106b6d6ac045c037ba7b66e561dda6
https://conda.anaconda.org/conda-forge/win-64/certifi-2020.12.5-py36ha15d459_1.tar.bz2#a4467ed6c721d6d7113302fc22cda9ce
https://conda.anaconda.org/conda-forge/win-64/cffi-1.14.4-py36he58ceb7_1.tar.bz2#369a4a0c6b2aac156c16e0e36cca585e
https://conda.anaconda.org/conda-forge/win-64/chardet-4.0.0-py36ha15d459_1.tar.bz2#307d6efa6c70e6ae22f57d147c1b270f
https://conda.anaconda.org/conda-forge/noarch/click-plugins-1.1.1-py_0.tar.bz2#4fd2c6b53934bd7d96d1f3fdaf99b79f
https://conda.anaconda.org/conda-forge/noarch/cligj-0.7.1-pyhd8ed1ab_0.tar.bz2#3170b1d23788c6b161dbd14bfb5c752e
https://conda.anaconda.org/conda-forge/win-64/coverage-5.4-py36h68aa20f_0.tar.bz2#2f0eb0d639aaca8e059e6cf7b69e9cbc
https://conda.anaconda.org/conda-forge/noarch/cycler-0.10.0-py_2.tar.bz2#f6d7c7e6d8f42cbbec7e07a8d879f91c
https://conda.anaconda.org/conda-forge/win-64/entrypoints-0.3-py36h9f0ad1d_1002.tar.bz2#2b77a25e6a38ae845abff3e0d6c695bd
https://conda.anaconda.org/conda-forge/win-64/freetype-2.10.4-h546665d_1.tar.bz2#1215a2e49d23da91c28d97cff8de35ea
https://conda.anaconda.org/conda-forge/win-64/future-0.18.2-py36ha15d459_3.tar.bz2#d2e8889bf04eb24dfc39773ec0f754cc
https://conda.anaconda.org/conda-forge/noarch/geopy-2.1.0-pyhd3deb0d_0.tar.bz2#0424ea40a44cceff6da6856abcd95a77
https://conda.anaconda.org/conda-forge/win-64/importlib-metadata-3.4.0-py36ha15d459_0.tar.bz2#c47e77525bca8accebd59eb457edf2ed
https://conda.anaconda.org/conda-forge/win-64/jedi-0.17.2-py36ha15d459_1.tar.bz2#490ace8303a86ab3f83340b5d3da4ff7
https://conda.anaconda.org/conda-forge/win-64/kealib-1.4.13-hd6dc3df_0.tar.bz2#aa93def17a4c70f1df72fe6355aa21da
https://conda.anaconda.org/conda-forge/win-64/kiwisolver-1.3.1-py36he95197e_1.tar.bz2#fe352cf3747884b076d232a106653c51
https://conda.anaconda.org/conda-forge/win-64/lazy-object-proxy-1.4.3-py36h779f372_2.tar.bz2#543787addd63e478a7810bad41d024a5
https://conda.anaconda.org/conda-forge/win-64/libcurl-7.68.0-h4496350_0.tar.bz2#fec5715053e9e65b6ed64c84f9b07503
https://conda.anaconda.org/conda-forge/win-64/libglib-2.66.6-hcfe831f_2.tar.bz2#d04ba6be3450b002e28bec5d84025eda
https://conda.anaconda.org/conda-forge/win-64/libpq-11.5-hb0bdaea_2.tar.bz2#35073e6677fad8f89abce31322dd232e
https://conda.anaconda.org/conda-forge/win-64/libspatialite-4.3.0a-h01b1fc4_1030.tar.bz2#addc6abffca1d5bdcd537fa32db755b2
https://conda.anaconda.org/conda-forge/win-64/libtiff-4.2.0-hc10be44_0.tar.bz2#7f2eeddf7e5a137f488377fc4aeec849
https://conda.anaconda.org/conda-forge/win-64/m2w64-gcc-libs-5.3.0-7.tar.bz2#fe759119b8b3bfa720b8762c6fdc35de
https://conda.anaconda.org/conda-forge/win-64/markupsafe-1.1.1-py36h68aa20f_3.tar.bz2#581c14f3b9edf45ec3dbef2883c94a97
https://conda.anaconda.org/conda-forge/win-64/mistune-0.8.4-py36h68aa20f_1003.tar.bz2#4b346fd7b096d6b27f5fd79a6bf8b3e2
https://conda.anaconda.org/conda-forge/win-64/numpy-1.19.5-py36hd1b969e_1.tar.bz2#66491a2bd33efe489b734573273b06d7
https://conda.anaconda.org/conda-forge/noarch/openpyxl-3.0.6-pyhd8ed1ab_0.tar.bz2#2da6a8a3f70ea759d14d86b5cb3875e9
https://conda.anaconda.org/conda-forge/noarch/packaging-20.9-pyh44b312d_0.tar.bz2#be69a38e912054a62dc82cc3c7711a64
https://conda.anaconda.org/conda-forge/win-64/pickleshare-0.7.5-py36h9f0ad1d_1002.tar.bz2#6046d465595e63a79044619b1e78ed54
https://conda.anaconda.org/conda-forge/win-64/pyproj-2.2.1-py36hac6ee2e_1.tar.bz2#227b3f311cf025717a1c3cd1939a10e2
https://conda.anaconda.org/conda-forge/win-64/pyrsistent-0.17.3-py36h68aa20f_2.tar.bz2#80501f3a11567129a12f516cb0b4e945
https://conda.anaconda.org/conda-forge/noarch/python-dateutil-2.8.1-py_0.tar.bz2#0d0150ed9c2d25817f5324108d3f7571
https://conda.anaconda.org/conda-forge/win-64/pywin32-300-py36h68aa20f_0.tar.bz2#2378e69514d0f935f72530f2df8853dc
https://conda.anaconda.org/conda-forge/win-64/pyyaml-5.4.1-py36h68aa20f_0.tar.bz2#0b5f0cfc059f08963217794a3425f606
https://conda.anaconda.org/conda-forge/win-64/pyzmq-20.0.0-py36hb0157bd_1.tar.bz2#64e205b6acca262cfca914883efc7524
https://conda.anaconda.org/conda-forge/win-64/qt-5.12.5-h7ef1ec2_0.tar.bz2#a16c963e40559de01833f28f826f5a99
https://conda.anaconda.org/conda-forge/noarch/ratelim-0.1.6-py_2.tar.bz2#a3065318deda7d6879017a3264b9772c
https://conda.anaconda.org/conda-forge/win-64/rtree-0.9.4-py36h089df06_2.tar.bz2#a0e9c1bef0c225c500f93d29c5e3dd9f
https://conda.anaconda.org/conda-forge/win-64/ruamel.yaml.clib-0.2.2-py36h68aa20f_2.tar.bz2#ed7fa25830f04725bb7fa2758e5b175c
https://conda.anaconda.org/conda-forge/win-64/tornado-6.1-py36h68aa20f_1.tar.bz2#d525a5e3e9ebc81cde370af8b8182d57
https://conda.anaconda.org/conda-forge/win-64/traitlets-4.3.3-py36h9f0ad1d_1.tar.bz2#af03bfeb2e66a71f3830d68a56695bd6
https://conda.anaconda.org/conda-forge/win-64/typed-ast-1.4.2-py36h68aa20f_0.tar.bz2#3a1a558460618d02ef38f5b0eb9d7019
https://conda.anaconda.org/conda-forge/noarch/tzlocal-2.1-pyh9f0ad1d_0.tar.bz2#9d16668487f3fd44290d9fdbbd25b283
https://conda.anaconda.org/conda-forge/win-64/win_inet_pton-1.1.0-py36ha15d459_2.tar.bz2#013b3e30f04cabc8367a576cf6b53251
https://conda.anaconda.org/conda-forge/win-64/wincertstore-0.2-py36ha15d459_1006.tar.bz2#25ef2ce77dd270dc22a080fc288437e6
https://conda.anaconda.org/conda-forge/win-64/wrapt-1.11.2-py36h779f372_1.tar.bz2#3c5ea4c48af71860e62a869c14e1f7b2
https://conda.anaconda.org/conda-forge/win-64/argon2-cffi-20.1.0-py36h779f372_2.tar.bz2#1a30125a161a46ef5a469044e6e9de0b
https://conda.anaconda.org/conda-forge/win-64/brotlipy-0.7.0-py36hc753bc4_1001.tar.bz2#03adcc452e95ce7558630b1b28225de6
https://conda.anaconda.org/conda-forge/win-64/cryptography-3.3.1-py36he58ceb7_1.tar.bz2#19738c4411c77bb46f05e45ac597c5cb
https://conda.anaconda.org/conda-forge/win-64/curl-7.68.0-h4496350_0.tar.bz2#8686dffbf26f4aae9920221bf5ea01a9
https://conda.anaconda.org/conda-forge/win-64/geotiff-1.5.1-h4b1d854_3.tar.bz2#83cedd5b77d43f555d158648d9bd6018
https://conda.anaconda.org/conda-forge/win-64/glib-tools-2.66.6-hf2a7229_2.tar.bz2#e21a358ae695c54bc96aaef9d7b7f5fd
https://conda.anaconda.org/conda-forge/noarch/importlib_metadata-3.4.0-hd8ed1ab_0.tar.bz2#6d962cade0658bb1040a3e994add14e0
https://conda.anaconda.org/conda-forge/win-64/jupyter_core-4.7.1-py36ha15d459_0.tar.bz2#b14b31438423d28fb334b8a3f0115ea8
https://conda.anaconda.org/conda-forge/win-64/libkml-1.3.0-he9e54da_1012.tar.bz2#4dddb40a671e024391051bfd8696726b
https://repo.anaconda.com/pkgs/main/win-64/libxgboost-0.90-1.conda#a9586ea643672d634653af7b09406eb1
https://conda.anaconda.org/conda-forge/win-64/m2w64-gettext-0.19.7-2.tar.bz2#cf4d7755fdf72b2d92c72f321a847cdd
https://conda.anaconda.org/conda-forge/win-64/openjpeg-2.3.1-h57dd2e7_3.tar.bz2#71b95c899b10b8d9b1d08196f2fed5d5
https://conda.anaconda.org/conda-forge/win-64/pandas-1.0.5-py36hcc50265_0.tar.bz2#9e14a2191141a1f05d5440f0badaeaa0
https://conda.anaconda.org/conda-forge/win-64/pillow-8.1.0-py36ha0524ae_1.tar.bz2#f6906379871db84a64b427aa245b68fd
https://conda.anaconda.org/conda-forge/win-64/postgresql-11.5-h06f7779_2.tar.bz2#d5935258dd5f044bcdde471400a6b230
https://conda.anaconda.org/conda-forge/win-64/pyqt-5.12.3-py36h6538335_1.tar.bz2#21abd471a74a8754ba6103b64b67cf00
https://conda.anaconda.org/conda-forge/win-64/pysocks-1.7.1-py36ha15d459_3.tar.bz2#9206317afc2ceb52594ed54af1cd5dd0
https://conda.anaconda.org/conda-forge/win-64/pywinpty-0.5.7-py36h9f0ad1d_1.tar.bz2#e86ef10d448fea3c4e0845a324e352a4
https://conda.anaconda.org/conda-forge/win-64/scipy-1.5.3-py36h7ff6e69_0.tar.bz2#d9c77e36849c5c23e713c72e8a39dd39
https://repo.anaconda.com/pkgs/main/win-64/setuptools-52.0.0-py36haa95532_0.conda#74c8f77ee690ba0ea660b2f0192c09f6
https://conda.anaconda.org/conda-forge/win-64/shapely-1.6.4-py36ha35856d_1006.tar.bz2#38083083cb00ba1ba46f1af4eaeaba2a
https://conda.anaconda.org/conda-forge/win-64/astroid-2.4.2-py36h9f0ad1d_1.tar.bz2#12609e2e0d6450da39545d37b0a6397f
https://conda.anaconda.org/conda-forge/noarch/backports.functools_lru_cache-1.6.1-py_0.tar.bz2#d36df15eaef96549ce6231e3088fba54
https://conda.anaconda.org/conda-forge/noarch/bleach-3.3.0-pyh44b312d_0.tar.bz2#abf6b76c39358ca36ca706c46f054f2a
https://conda.anaconda.org/conda-forge/win-64/glib-2.66.6-hf2a7229_2.tar.bz2#8ceff90cbf0c94d2eaaf735446ab2674
https://conda.anaconda.org/conda-forge/noarch/isort-5.7.0-pyhd8ed1ab_0.tar.bz2#073e46728e0d9a8722457cbf1c335c14
https://conda.anaconda.org/conda-forge/noarch/jinja2-2.11.3-pyh44b312d_0.tar.bz2#1d4c3605d85a3655b1595e0694138eb6
https://conda.anaconda.org/conda-forge/noarch/joblib-1.0.0-pyhd8ed1ab_0.tar.bz2#2d9036ba47d26d88157c4eeab0693bfe
https://conda.anaconda.org/conda-forge/win-64/jsonschema-3.2.0-py36h9f0ad1d_1.tar.bz2#4dfe69fb8ad8543e4654ea881f19c8e8
https://conda.anaconda.org/conda-forge/noarch/jupyter_client-6.1.11-pyhd8ed1ab_1.tar.bz2#0fcd80df6d4e0558754c39453ffa3110
https://conda.anaconda.org/conda-forge/win-64/libnetcdf-4.7.1-nompi_he2c6080_102.tar.bz2#ac21a2a2dbb0979d6d9c6ec2a99034c8
https://conda.anaconda.org/conda-forge/win-64/m2w64-xz-5.2.2-2.tar.bz2#a5663c8daada7806ed83a77cf2ff6f4f
https://conda.anaconda.org/conda-forge/win-64/matplotlib-base-3.3.4-py36h1abdf75_0.tar.bz2#87151beec9882b3acf659044dd8af5d6
https://conda.anaconda.org/conda-forge/noarch/munch-2.5.0-py_0.tar.bz2#31d9e9be500e25ff0050bc9f57a6bcd7
https://conda.anaconda.org/conda-forge/noarch/networkx-2.5-py_0.tar.bz2#d836ad8453c22192357707026ca21653
https://conda.anaconda.org/conda-forge/noarch/patsy-0.5.1-py_0.tar.bz2#d971df2dcd1a453daabecec0ef76e88a
https://conda.anaconda.org/conda-forge/win-64/pluggy-0.13.1-py36ha15d459_4.tar.bz2#d7271328700290b5c56739ff23082d93
https://conda.anaconda.org/conda-forge/noarch/pygments-2.7.4-pyhd8ed1ab_0.tar.bz2#d162b2e135758c51410bacfa6f5ef5bb
https://conda.anaconda.org/conda-forge/noarch/pyopenssl-20.0.1-pyhd8ed1ab_0.tar.bz2#92371c25994d0f5d28a01c1fb75ebf86
https://conda.anaconda.org/conda-forge/win-64/ruamel.yaml-0.16.12-py36h68aa20f_2.tar.bz2#dc34044e35c171787477e04de080a5ab
https://conda.anaconda.org/conda-forge/win-64/terminado-0.9.2-py36ha15d459_0.tar.bz2#dee20cc7bb3b2b57c68a9c6d16fd0a68
https://conda.anaconda.org/conda-forge/noarch/branca-0.4.2-pyhd8ed1ab_0.tar.bz2#836c975d3ae4f21c3cd047c10b15a7cf
https://conda.anaconda.org/conda-forge/noarch/flask-1.1.2-pyh9f0ad1d_0.tar.bz2#721f9fc33930d8deec05a746dd1be3b8
https://conda.anaconda.org/conda-forge/noarch/jupyterlab_pygments-0.1.2-pyh9f0ad1d_0.tar.bz2#2cbd910890bb328e8959246a1e16fac7
https://conda.anaconda.org/conda-forge/win-64/matplotlib-3.3.4-py36ha15d459_0.tar.bz2#3ed225b53b497f73ce8a763619103ffe
https://conda.anaconda.org/conda-forge/noarch/nbformat-5.1.2-pyhd8ed1ab_1.tar.bz2#9633dbb668ac1f9266427672816899dc
https://conda.anaconda.org/conda-forge/win-64/poppler-0.67.0-h1707e21_8.tar.bz2#c58c7e15465645fe3ead461239df4ce0
https://conda.anaconda.org/conda-forge/win-64/pylint-2.6.0-py36h9f0ad1d_1.tar.bz2#809fe69812f9c9c173d85f95f85770f1
https://conda.anaconda.org/conda-forge/win-64/pytest-6.2.2-py36ha15d459_0.tar.bz2#e9386c6bf2cc4410c4111fb60c16be4a
https://conda.anaconda.org/conda-forge/win-64/scikit-learn-0.24.1-py36h63cef00_0.tar.bz2#ab141666f802bc411e8d5558f70752ce
https://conda.anaconda.org/conda-forge/noarch/seaborn-base-0.11.1-pyhd8ed1ab_1.tar.bz2#f524b2bb48274790373a27128b25d7ca
https://conda.anaconda.org/conda-forge/win-64/statsmodels-0.12.2-py36h6434af4_0.tar.bz2#8f8e5f1ba0facb0898acea9ea26e2019
https://conda.anaconda.org/conda-forge/noarch/urllib3-1.26.3-pyhd8ed1ab_0.tar.bz2#25573e57774dd54cfa848e5dd44503ed
https://conda.anaconda.org/conda-forge/noarch/wcwidth-0.2.5-pyh9f0ad1d_2.tar.bz2#5266fcd697043c59621fda522b3d78ee
https://conda.anaconda.org/conda-forge/win-64/descartes-1.1.0-py36_0.tar.bz2#ddff5d4bcefba5321c395356614e8893
https://conda.anaconda.org/conda-forge/win-64/libgdal-2.4.3-hc7758a1_8.tar.bz2#7de017066558bc8c0e0b3c353933bf03
https://conda.anaconda.org/conda-forge/noarch/nbclient-0.5.1-py_0.tar.bz2#4efba375c50e6668cb5778e36d1f3a7e
https://conda.anaconda.org/conda-forge/noarch/prompt-toolkit-3.0.14-pyha770c72_0.tar.bz2#ab67af70c2ff5cc2be310f0d6cb95a8a
https://repo.anaconda.com/pkgs/main/win-64/py-xgboost-0.90-py36_1.conda#e44efc3cdb54ccb85552ab824daf8f56
https://conda.anaconda.org/conda-forge/noarch/pytest-cov-2.11.1-pyh44b312d_0.tar.bz2#67e256d6c8a3082d3f29f8cefce17bbf
https://conda.anaconda.org/conda-forge/noarch/requests-2.25.1-pyhd3deb0d_0.tar.bz2#ae687aba31a1c400192a86a2e993ffdc
https://conda.anaconda.org/conda-forge/win-64/seaborn-0.11.1-h57928b3_0.tar.bz2#71b3fb0686171ef9c52ac4eeeedb8c9f
https://conda.anaconda.org/conda-forge/noarch/codecov-2.1.11-pyhd3deb0d_0.tar.bz2#9c661c2c14b4667827218402e6624ad5
https://conda.anaconda.org/conda-forge/noarch/folium-0.12.0-pyhd8ed1ab_0.tar.bz2#a78bd9208c32c7005b7436e3dd384a2c
https://conda.anaconda.org/conda-forge/win-64/gdal-2.4.3-py36he6b6c38_8.tar.bz2#37b316ca124b28366ff627b373c2e05c
https://conda.anaconda.org/conda-forge/noarch/geocoder-1.38.1-py_1.tar.bz2#85f4e01bee20c149b2c060eb9a7c7751
https://conda.anaconda.org/conda-forge/win-64/ipython-7.16.1-py36h7b2dad6_2.tar.bz2#e69ba043a57a9b40eadf45ced5b581f5
https://conda.anaconda.org/conda-forge/win-64/nbconvert-6.0.7-py36ha15d459_3.tar.bz2#307a9bfc241eee6f939c0ba028af4154
https://conda.anaconda.org/conda-forge/noarch/prompt_toolkit-3.0.14-hd8ed1ab_0.tar.bz2#f2293b2cbaa4c133f1f791c1d996f79e
https://conda.anaconda.org/conda-forge/win-64/fiona-1.8.9.post2-py36h3234bc7_0.tar.bz2#43ff1f34f719c2bda12a4305777c37ca
https://conda.anaconda.org/conda-forge/noarch/ipdb-0.13.4-pyhd3deb0d_0.tar.bz2#b6e9e536a43b76c5341fe061177d65c4
https://conda.anaconda.org/conda-forge/win-64/ipykernel-5.4.3-py36h7b2dad6_0.tar.bz2#a8edce5123eba84da7f240e633964445
https://conda.anaconda.org/conda-forge/noarch/geopandas-0.5.1-py_0.tar.bz2#2740d9c24934635d95a48ffca4f33c65
https://conda.anaconda.org/conda-forge/noarch/jupyter_console-6.2.0-py_0.tar.bz2#cb063fba0917fab041217d5a4a3adca0
https://conda.anaconda.org/conda-forge/win-64/notebook-6.2.0-py36ha15d459_0.tar.bz2#26c2740b1cac85dd7eee9f0cd2894a30
https://conda.anaconda.org/conda-forge/noarch/qtconsole-5.0.2-pyhd8ed1ab_0.tar.bz2#0fb6a03f1a5fa89a0adc21e62959ac63
https://conda.anaconda.org/conda-forge/noarch/osmnx-0.11.4-py_1.tar.bz2#5bf65a7b7f4c41d66049c86d838fd5c4
https://conda.anaconda.org/conda-forge/win-64/widgetsnbextension-3.5.1-py36ha15d459_4.tar.bz2#2c71f6a23d569494cf7e07b261868e31
https://conda.anaconda.org/conda-forge/noarch/ipywidgets-7.6.3-pyhd3deb0d_0.tar.bz2#536a9ed6d9e740f2b83d1a3c388e4388
https://conda.anaconda.org/conda-forge/win-64/jupyter-1.0.0-py36ha15d459_6.tar.bz2#85320b332c77dab3063669b7d741a797
